PODS:
  - Adapty (1.16.8)
  - Amplitude (8.7.1)
  - AppsFlyerFramework (6.5.0):
    - AppsFlyerFramework/Main (= 6.5.0)
  - AppsFlyerFramework/Main (6.5.0)
  - ASPVideoPlayer (6.1.2)
  - Atributika (4.10.1)
  - Cosmos (23.0.0)
  - FBAEMKit (12.2.1):
    - FBSDKCoreKit_Basics (= 12.2.1)
  - FBSDKCoreKit (12.2.1):
    - FBAEMKit (= 12.2.1)
    - FBSDKCoreKit_Basics (= 12.2.1)
  - FBSDKCoreKit_Basics (12.2.1)
  - Firebase (8.10.0):
    - Firebase/Core (= 8.10.0)
  - Firebase/Analytics (8.10.0):
    - Firebase/Core
  - Firebase/Core (8.10.0):
    - Firebase/CoreOnly
    - FirebaseAnalytics (~> 8.10.0)
  - Firebase/CoreOnly (8.10.0):
    - FirebaseCore (= 8.10.0)
  - Firebase/Messaging (8.10.0):
    - Firebase/CoreOnly
    - FirebaseMessaging (~> 8.10.0)
  - Firebase/RemoteConfig (8.10.0):
    - Firebase/CoreOnly
    - FirebaseRemoteConfig (~> 8.10.0)
  - Firebase/Storage (8.10.0):
    - Firebase/CoreOnly
    - FirebaseStorage (~> 8.10.0)
  - FirebaseABTesting (8.10.0):
    - FirebaseCore (~> 8.0)
  - FirebaseAnalytics (8.10.0):
    - FirebaseAnalytics/AdIdSupport (= 8.10.0)
    - FirebaseCore (~> 8.0)
    - FirebaseInstallations (~> 8.0)
    - GoogleUtilities/AppDelegateSwizzler (~> 7.6)
    - GoogleUtilities/MethodSwizzler (~> 7.6)
    - GoogleUtilities/Network (~> 7.6)
    - "GoogleUtilities/NSData+zlib (~> 7.6)"
    - nanopb (~> 2.30908.0)
  - FirebaseAnalytics/AdIdSupport (8.10.0):
    - FirebaseCore (~> 8.0)
    - FirebaseInstallations (~> 8.0)
    - GoogleAppMeasurement (= 8.10.0)
    - GoogleUtilities/AppDelegateSwizzler (~> 7.6)
    - GoogleUtilities/MethodSwizzler (~> 7.6)
    - GoogleUtilities/Network (~> 7.6)
    - "GoogleUtilities/NSData+zlib (~> 7.6)"
    - nanopb (~> 2.30908.0)
  - FirebaseCore (8.10.0):
    - FirebaseCoreDiagnostics (~> 8.0)
    - GoogleUtilities/Environment (~> 7.6)
    - GoogleUtilities/Logger (~> 7.6)
  - FirebaseCoreDiagnostics (8.10.0):
    - GoogleDataTransport (~> 9.1)
    - GoogleUtilities/Environment (~> 7.6)
    - GoogleUtilities/Logger (~> 7.6)
    - nanopb (~> 2.30908.0)
  - FirebaseInstallations (8.10.0):
    - FirebaseCore (~> 8.0)
    - GoogleUtilities/Environment (~> 7.6)
    - GoogleUtilities/UserDefaults (~> 7.6)
    - PromisesObjC (< 3.0, >= 1.2)
  - FirebaseMessaging (8.10.0):
    - FirebaseCore (~> 8.0)
    - FirebaseInstallations (~> 8.0)
    - GoogleDataTransport (~> 9.1)
    - GoogleUtilities/AppDelegateSwizzler (~> 7.6)
    - GoogleUtilities/Environment (~> 7.6)
    - GoogleUtilities/Reachability (~> 7.6)
    - GoogleUtilities/UserDefaults (~> 7.6)
    - nanopb (~> 2.30908.0)
  - FirebaseRemoteConfig (8.10.0):
    - FirebaseABTesting (~> 8.0)
    - FirebaseCore (~> 8.0)
    - FirebaseInstallations (~> 8.0)
    - GoogleUtilities/Environment (~> 7.6)
    - "GoogleUtilities/NSData+zlib (~> 7.6)"
<<<<<<< HEAD
  - FirebaseStorage (8.10.0):
    - FirebaseCore (~> 8.0)
    - GTMSessionFetcher/Core (~> 1.5)
=======
>>>>>>> cd08546e009a05615e4d0f1156c2ed05b9bc0d10
  - FlagKit (2.2)
  - GoogleAppMeasurement (8.10.0):
    - GoogleAppMeasurement/AdIdSupport (= 8.10.0)
    - GoogleUtilities/AppDelegateSwizzler (~> 7.6)
    - GoogleUtilities/MethodSwizzler (~> 7.6)
    - GoogleUtilities/Network (~> 7.6)
    - "GoogleUtilities/NSData+zlib (~> 7.6)"
    - nanopb (~> 2.30908.0)
  - GoogleAppMeasurement/AdIdSupport (8.10.0):
    - GoogleAppMeasurement/WithoutAdIdSupport (= 8.10.0)
    - GoogleUtilities/AppDelegateSwizzler (~> 7.6)
    - GoogleUtilities/MethodSwizzler (~> 7.6)
    - GoogleUtilities/Network (~> 7.6)
    - "GoogleUtilities/NSData+zlib (~> 7.6)"
    - nanopb (~> 2.30908.0)
  - GoogleAppMeasurement/WithoutAdIdSupport (8.10.0):
    - GoogleUtilities/AppDelegateSwizzler (~> 7.6)
    - GoogleUtilities/MethodSwizzler (~> 7.6)
    - GoogleUtilities/Network (~> 7.6)
    - "GoogleUtilities/NSData+zlib (~> 7.6)"
    - nanopb (~> 2.30908.0)
  - GoogleDataTransport (9.1.2):
    - GoogleUtilities/Environment (~> 7.2)
    - nanopb (~> 2.30908.0)
    - PromisesObjC (< 3.0, >= 1.2)
  - GoogleMLKit/MLKitCore (2.5.0):
    - MLKitCommon (~> 5.0.0)
  - GoogleMLKit/SegmentationSelfie (2.5.0):
    - GoogleMLKit/MLKitCore
    - MLKitSegmentationSelfie (~> 1.0.0-beta5)
  - GoogleToolboxForMac/DebugUtils (2.3.2):
    - GoogleToolboxForMac/Defines (= 2.3.2)
  - GoogleToolboxForMac/Defines (2.3.2)
  - GoogleToolboxForMac/Logger (2.3.2):
    - GoogleToolboxForMac/Defines (= 2.3.2)
  - "GoogleToolboxForMac/NSData+zlib (2.3.2)":
    - GoogleToolboxForMac/Defines (= 2.3.2)
  - "GoogleToolboxForMac/NSDictionary+URLArguments (2.3.2)":
    - GoogleToolboxForMac/DebugUtils (= 2.3.2)
    - GoogleToolboxForMac/Defines (= 2.3.2)
    - "GoogleToolboxForMac/NSString+URLArguments (= 2.3.2)"
  - "GoogleToolboxForMac/NSString+URLArguments (2.3.2)"
  - GoogleUtilities/AppDelegateSwizzler (7.6.0):
    - GoogleUtilities/Environment
    - GoogleUtilities/Logger
    - GoogleUtilities/Network
  - GoogleUtilities/Environment (7.6.0):
    - PromisesObjC (< 3.0, >= 1.2)
  - GoogleUtilities/Logger (7.6.0):
    - GoogleUtilities/Environment
  - GoogleUtilities/MethodSwizzler (7.6.0):
    - GoogleUtilities/Logger
  - GoogleUtilities/Network (7.6.0):
    - GoogleUtilities/Logger
    - "GoogleUtilities/NSData+zlib"
    - GoogleUtilities/Reachability
  - "GoogleUtilities/NSData+zlib (7.6.0)"
  - GoogleUtilities/Reachability (7.6.0):
    - GoogleUtilities/Logger
  - GoogleUtilities/UserDefaults (7.6.0):
    - GoogleUtilities/Logger
  - GoogleUtilitiesComponents (1.1.0):
    - GoogleUtilities/Logger
  - GTMSessionFetcher/Core (1.7.0)
<<<<<<< HEAD
  - lottie-ios (3.3.0)
  - Mixpanel-swift (2.10.4):
    - Mixpanel-swift/Complete (= 2.10.4)
  - Mixpanel-swift/Complete (2.10.4)
=======
>>>>>>> cd08546e009a05615e4d0f1156c2ed05b9bc0d10
  - MLImage (1.0.0-beta2)
  - MLKitCommon (5.0.0):
    - GoogleDataTransport (~> 9.0)
    - GoogleToolboxForMac/Logger (~> 2.1)
    - "GoogleToolboxForMac/NSData+zlib (~> 2.1)"
    - "GoogleToolboxForMac/NSDictionary+URLArguments (~> 2.1)"
    - GoogleUtilities/UserDefaults (~> 7.0)
    - GoogleUtilitiesComponents (~> 1.0)
    - GTMSessionFetcher/Core (~> 1.1)
    - Protobuf (~> 3.12)
  - MLKitSegmentationCommon (1.0.0-beta5):
    - MLKitCommon (~> 5.0)
    - MLKitXenoCommon (= 1.0.0-beta7)
  - MLKitSegmentationSelfie (1.0.0-beta5):
    - MLKitSegmentationCommon (= 1.0.0-beta5)
  - MLKitVision (3.0.0):
    - GoogleToolboxForMac/Logger (~> 2.1)
    - "GoogleToolboxForMac/NSData+zlib (~> 2.1)"
    - GTMSessionFetcher/Core (~> 1.1)
    - MLImage (= 1.0.0-beta2)
    - MLKitCommon (~> 5.0)
    - Protobuf (~> 3.12)
  - MLKitXenoCommon (1.0.0-beta7):
    - MLKitCommon (~> 5.0)
    - MLKitVision (~> 3.0)
  - nanopb (2.30908.0):
    - nanopb/decode (= 2.30908.0)
    - nanopb/encode (= 2.30908.0)
  - nanopb/decode (2.30908.0)
  - nanopb/encode (2.30908.0)
  - PromisesObjC (2.0.0)
  - Protobuf (3.19.1)
<<<<<<< HEAD
  - PushwooshXCFramework (6.3.1):
    - PushwooshXCFramework/Core (= 6.3.1)
  - PushwooshXCFramework/Core (6.3.1)
  - R.swift (6.1.0):
    - R.swift.Library (~> 5.3.0)
  - R.swift.Library (5.3.0)
  - SevenAppsKit/AnalyticsAdapty (0.0.1):
    - Adapty
    - SevenAppsKit/CoreOnly
  - SevenAppsKit/AnalyticsAmplitude (0.0.1):
    - Amplitude
    - SevenAppsKit/CoreOnly
  - SevenAppsKit/AnalyticsAppsFlyer (0.0.1):
    - AppsFlyerFramework
    - SevenAppsKit/CoreOnly
  - SevenAppsKit/AnalyticsFacebook (0.0.1):
    - FBSDKCoreKit
    - SevenAppsKit/CoreOnly
  - SevenAppsKit/AnalyticsFirebase (0.0.1):
    - Firebase/Analytics
    - SevenAppsKit/CoreOnly
  - SevenAppsKit/AnalyticsMixpanel (0.0.1):
    - Mixpanel-swift
    - SevenAppsKit/CoreOnly
  - SevenAppsKit/AnalyticsPushwoosh (0.0.1):
    - PushwooshXCFramework
    - SevenAppsKit/CoreOnly
  - SevenAppsKit/CoreOnly (0.0.1):
    - SwiftyBeaver
    - SwiftyUserDefaults (~> 5.0)
  - SevenAppsKit/Crypto (0.0.1):
    - SevenAppsKit/CoreOnly
  - SevenAppsKit/Firebase (0.0.1):
    - Firebase/Messaging
    - Firebase/RemoteConfig
    - Firebase/Storage
    - SevenAppsKit/CoreOnly
    - SevenAppsKit/Crypto
  - SevenAppsKit/IAP (0.0.1):
    - SevenAppsKit/CoreOnly
  - SevenAppsKit/POLYIAP (0.0.1):
    - Adapty
    - lottie-ios
    - SevenAppsKit/CoreOnly
    - SevenAppsKit/Firebase
    - SevenAppsKit/UI
  - SevenAppsKit/UI (0.0.1):
    - ASPVideoPlayer (~> 6.1.1)
    - Atributika (~> 4.10.1)
    - Cosmos (~> 23.0.0)
    - SevenAppsKit/CoreOnly
    - SnapKit (~> 5.0.0)
  - SnapKit (5.0.1)
  - SwiftLint (0.45.1)
  - SwiftyBeaver (1.9.5)
  - SwiftyUserDefaults (5.3.0)
=======
  - R.swift (6.1.0):
    - R.swift.Library (~> 5.3.0)
  - R.swift.Library (5.3.0)
  - SwiftLint (0.45.1)
>>>>>>> cd08546e009a05615e4d0f1156c2ed05b9bc0d10

DEPENDENCIES:
  - Firebase
  - Firebase/Analytics
  - Firebase/RemoteConfig
  - FlagKit
  - GoogleMLKit/SegmentationSelfie (= 2.5.0)
  - R.swift
<<<<<<< HEAD
  - SevenAppsKit/AnalyticsAdapty (from `./SevenAppsKit`)
  - SevenAppsKit/AnalyticsAmplitude (from `./SevenAppsKit`)
  - SevenAppsKit/AnalyticsAppsFlyer (from `./SevenAppsKit`)
  - SevenAppsKit/AnalyticsFacebook (from `./SevenAppsKit`)
  - SevenAppsKit/AnalyticsFirebase (from `./SevenAppsKit`)
  - SevenAppsKit/AnalyticsMixpanel (from `./SevenAppsKit`)
  - SevenAppsKit/AnalyticsPushwoosh (from `./SevenAppsKit`)
  - SevenAppsKit/Firebase (from `./SevenAppsKit`)
  - SevenAppsKit/IAP (from `./SevenAppsKit`)
  - SevenAppsKit/POLYIAP (from `./SevenAppsKit`)
  - SevenAppsKit/UI (from `./SevenAppsKit`)
  - SnapKit (~> 5.0.0)
=======
>>>>>>> cd08546e009a05615e4d0f1156c2ed05b9bc0d10
  - SwiftLint

SPEC REPOS:
  trunk:
    - Adapty
    - Amplitude
    - AppsFlyerFramework
    - ASPVideoPlayer
    - Atributika
    - Cosmos
    - FBAEMKit
    - FBSDKCoreKit
    - FBSDKCoreKit_Basics
    - Firebase
    - FirebaseABTesting
    - FirebaseAnalytics
    - FirebaseCore
    - FirebaseCoreDiagnostics
    - FirebaseInstallations
    - FirebaseMessaging
    - FirebaseRemoteConfig
<<<<<<< HEAD
    - FirebaseStorage
=======
>>>>>>> cd08546e009a05615e4d0f1156c2ed05b9bc0d10
    - FlagKit
    - GoogleAppMeasurement
    - GoogleDataTransport
    - GoogleMLKit
    - GoogleToolboxForMac
    - GoogleUtilities
    - GoogleUtilitiesComponents
    - GTMSessionFetcher
<<<<<<< HEAD
    - lottie-ios
    - Mixpanel-swift
=======
>>>>>>> cd08546e009a05615e4d0f1156c2ed05b9bc0d10
    - MLImage
    - MLKitCommon
    - MLKitSegmentationCommon
    - MLKitSegmentationSelfie
    - MLKitVision
    - MLKitXenoCommon
    - nanopb
    - PromisesObjC
    - Protobuf
<<<<<<< HEAD
    - PushwooshXCFramework
    - R.swift
    - R.swift.Library
    - SnapKit
    - SwiftLint
    - SwiftyBeaver
    - SwiftyUserDefaults

EXTERNAL SOURCES:
  SevenAppsKit:
    :path: "./SevenAppsKit"
=======
    - R.swift
    - R.swift.Library
    - SwiftLint
>>>>>>> cd08546e009a05615e4d0f1156c2ed05b9bc0d10

SPEC CHECKSUMS:
  Adapty: 7bd19095b4e77ebbda17af2faf7268a0fdbc295b
  Amplitude: 834c7332dfb9640a751e21c13efb22a07c0c12d4
  AppsFlyerFramework: a5686a38cd5e5a9aa077fc83e3a4d0c4b052d6a6
  ASPVideoPlayer: 70215f5b4cfbf33614548ee56a67290f640023d0
  Atributika: 47e778507cfb3cd2c996278b0285221a62e97d71
  Cosmos: b5c6a9a637e28a061b54c8f8b1d8529d7d4db73f
  FBAEMKit: 4cea610d0bc1680572f2aad7b25db7a2f2690d82
  FBSDKCoreKit: 5b1992fe65802ca26be7e68bc4fac5f59fa39908
  FBSDKCoreKit_Basics: a6a92ca628e05f86f458a4721574c5ddfb058ba3
  Firebase: 44213362f1dcc52555b935dc925ed35ac55f1b20
  FirebaseABTesting: fc7255f7e96d3cf7a1131fd68636c47e312cef76
  FirebaseAnalytics: 319c9b3b1bdd400d60e2f415dff0c5f6959e6760
  FirebaseCore: 04186597c095da37d90ff9fd3e53bc61a1ff2440
  FirebaseCoreDiagnostics: 56fb7216d87e0e6ec2feddefa9d8a392fe8b2c18
  FirebaseInstallations: 830327b45345ffc859eaa9c17bcd5ae893fd5425
  FirebaseMessaging: b0aeba17332ee1ee610662b4d1e02a86db82f08f
  FirebaseRemoteConfig: 84d3397887d95587f0ee7a0a3989b2756dc2bbf9
<<<<<<< HEAD
  FirebaseStorage: 815410224b548172c578f02554a86bbc8f817f50
=======
>>>>>>> cd08546e009a05615e4d0f1156c2ed05b9bc0d10
  FlagKit: eca7dc89064b0c986302ba9acefad1bf80a435b1
  GoogleAppMeasurement: a3311dbcf3ea651e5a070fe8559b57c174ada081
  GoogleDataTransport: 629c20a4d363167143f30ea78320d5a7eb8bd940
  GoogleMLKit: 0d7f5aa2f8a2f2ea9d849a05abdbe80974b0ec83
  GoogleToolboxForMac: 8bef7c7c5cf7291c687cf5354f39f9db6399ad34
  GoogleUtilities: 684ee790a24f73ebb2d1d966e9711c203f2a4237
  GoogleUtilitiesComponents: 679b2c881db3b615a2777504623df6122dd20afe
  GTMSessionFetcher: 43748f93435c2aa068b1cbe39655aaf600652e91
<<<<<<< HEAD
  lottie-ios: 6ac74dcc09904798f59b18cb3075c089d76be9ae
  Mixpanel-swift: 9fabd0585985d32cb6951e759d307d615a9c6f7b
=======
>>>>>>> cd08546e009a05615e4d0f1156c2ed05b9bc0d10
  MLImage: a454f9f8ecfd537783a12f9488f5be1a68820829
  MLKitCommon: 3bc17c6f7d25ce3660f030350b46ae7ec9ebca6e
  MLKitSegmentationCommon: 4c9b364bf6ba308985e2d495cd7c580c8227c5b5
  MLKitSegmentationSelfie: d52c12fb85e7ceb4ea3a644853f7d2e09be1b00c
  MLKitVision: e87dc3f2e456a6ab32361ebd985e078dd2746143
  MLKitXenoCommon: 849f10d93d3fda1ee034cab23863e4abb4c24f10
  nanopb: a0ba3315591a9ae0a16a309ee504766e90db0c96
  PromisesObjC: 68159ce6952d93e17b2dfe273b8c40907db5ba58
  Protobuf: 3724efa50cb2846d7ccebc8691c574e85fd74471
<<<<<<< HEAD
  PushwooshXCFramework: 94c2114c59879598dfe3a87e0d02f37f1ad894f0
  R.swift: ec98ff71c4ab2f6fd01dd077e5afd15e63a4834c
  R.swift.Library: 0fc583cb55a99e28901299cc451614cad1161962
  SevenAppsKit: 5dd9b6f6521a14dc09f6e1bdf3bdabeff5fc645d
  SnapKit: 97b92857e3df3a0c71833cce143274bf6ef8e5eb
  SwiftLint: 06ac37e4d38c7068e0935bb30cda95f093bec761
  SwiftyBeaver: 84069991dd5dca07d7069100985badaca7f0ce82
  SwiftyUserDefaults: 63f80248cf5bfb3458825d9a78f2eb7e1293a040

PODFILE CHECKSUM: b10505014ea7af849fc7542698277dc7da135bef
=======
  R.swift: ec98ff71c4ab2f6fd01dd077e5afd15e63a4834c
  R.swift.Library: 0fc583cb55a99e28901299cc451614cad1161962
  SwiftLint: 06ac37e4d38c7068e0935bb30cda95f093bec761

PODFILE CHECKSUM: 9c8318eb31c23141de1ea6169e271c02a062247a
>>>>>>> cd08546e009a05615e4d0f1156c2ed05b9bc0d10

COCOAPODS: 1.11.2
