// !$*UTF8*$!
{
	archiveVersion = 1;
	classes = {
	};
	objectVersion = 55;
	objects = {

/* Begin PBXBuildFile section */
		79CF85A23E321FA9E405F57D /* Pods_RemoteConfig.framework in Frameworks */ = {isa = PBXBuildFile; fileRef = 42A5D5DDC206FF0AF0141ADD /* Pods_RemoteConfig.framework */; };
		DA0030CB276B7BA9001EDACB /* AppDelegate.swift in Sources */ = {isa = PBXBuildFile; fileRef = DA0030CA276B7BA9001EDACB /* AppDelegate.swift */; };
		DA0030CD276B7BA9001EDACB /* SceneDelegate.swift in Sources */ = {isa = PBXBuildFile; fileRef = DA0030CC276B7BA9001EDACB /* SceneDelegate.swift */; };
		DA0030CF276B7BA9001EDACB /* MainViewController.swift in Sources */ = {isa = PBXBuildFile; fileRef = DA0030CE276B7BA9001EDACB /* MainViewController.swift */; };
		DA0030D2276B7BA9001EDACB /* Main.storyboard in Resources */ = {isa = PBXBuildFile; fileRef = DA0030D0276B7BA9001EDACB /* Main.storyboard */; };
		DA0030D4276B7BAA001EDACB /* Assets.xcassets in Resources */ = {isa = PBXBuildFile; fileRef = DA0030D3276B7BAA001EDACB /* Assets.xcassets */; };
		DA0030D7276B7BAA001EDACB /* LaunchScreen.storyboard in Resources */ = {isa = PBXBuildFile; fileRef = DA0030D5276B7BAA001EDACB /* LaunchScreen.storyboard */; };
		DA0030DF276B7CC6001EDACB /* GoogleService-Info.plist in Resources */ = {isa = PBXBuildFile; fileRef = DA0030DE276B7CC6001EDACB /* GoogleService-Info.plist */; };
		DA0030E1276B903E001EDACB /* RemoteConfigService.swift in Sources */ = {isa = PBXBuildFile; fileRef = DA0030E0276B903E001EDACB /* RemoteConfigService.swift */; };
		DA28702D276CA01000A8B3E0 /* businessFlow.json in Resources */ = {isa = PBXBuildFile; fileRef = DA28702C276CA01000A8B3E0 /* businessFlow.json */; };
		DA28702F276CAB2400A8B3E0 /* Bundle+Extension.swift in Sources */ = {isa = PBXBuildFile; fileRef = DA28702E276CAB2400A8B3E0 /* Bundle+Extension.swift */; };
		DA287037276CABE600A8B3E0 /* BusinessFlow.swift in Sources */ = {isa = PBXBuildFile; fileRef = DA287036276CABE600A8B3E0 /* BusinessFlow.swift */; };
		DA287039276CAE4500A8B3E0 /* BusinessFlowViewController.swift in Sources */ = {isa = PBXBuildFile; fileRef = DA287038276CAE4500A8B3E0 /* BusinessFlowViewController.swift */; };
/* End PBXBuildFile section */

/* Begin PBXFileReference section */
		0A535B600A8D3EFF0C044638 /* Pods-RemoteConfig.debug.xcconfig */ = {isa = PBXFileReference; includeInIndex = 1; lastKnownFileType = text.xcconfig; name = "Pods-RemoteConfig.debug.xcconfig"; path = "Target Support Files/Pods-RemoteConfig/Pods-RemoteConfig.debug.xcconfig"; sourceTree = "<group>"; };
		42A5D5DDC206FF0AF0141ADD /* Pods_RemoteConfig.framework */ = {isa = PBXFileReference; explicitFileType = wrapper.framework; includeInIndex = 0; path = Pods_RemoteConfig.framework; sourceTree = BUILT_PRODUCTS_DIR; };
		A8E9230A60D435F59D751930 /* Pods-RemoteConfig.release.xcconfig */ = {isa = PBXFileReference; includeInIndex = 1; lastKnownFileType = text.xcconfig; name = "Pods-RemoteConfig.release.xcconfig"; path = "Target Support Files/Pods-RemoteConfig/Pods-RemoteConfig.release.xcconfig"; sourceTree = "<group>"; };
		DA0030C7276B7BA9001EDACB /* RemoteConfig.app */ = {isa = PBXFileReference; explicitFileType = wrapper.application; includeInIndex = 0; path = RemoteConfig.app; sourceTree = BUILT_PRODUCTS_DIR; };
		DA0030CA276B7BA9001EDACB /* AppDelegate.swift */ = {isa = PBXFileReference; lastKnownFileType = sourcecode.swift; path = AppDelegate.swift; sourceTree = "<group>"; };
		DA0030CC276B7BA9001EDACB /* SceneDelegate.swift */ = {isa = PBXFileReference; lastKnownFileType = sourcecode.swift; path = SceneDelegate.swift; sourceTree = "<group>"; };
		DA0030CE276B7BA9001EDACB /* MainViewController.swift */ = {isa = PBXFileReference; lastKnownFileType = sourcecode.swift; path = MainViewController.swift; sourceTree = "<group>"; };
		DA0030D1276B7BA9001EDACB /* Base */ = {isa = PBXFileReference; lastKnownFileType = file.storyboard; name = Base; path = Base.lproj/Main.storyboard; sourceTree = "<group>"; };
		DA0030D3276B7BAA001EDACB /* Assets.xcassets */ = {isa = PBXFileReference; lastKnownFileType = folder.assetcatalog; path = Assets.xcassets; sourceTree = "<group>"; };
		DA0030D6276B7BAA001EDACB /* Base */ = {isa = PBXFileReference; lastKnownFileType = file.storyboard; name = Base; path = Base.lproj/LaunchScreen.storyboard; sourceTree = "<group>"; };
		DA0030D8276B7BAA001EDACB /* Info.plist */ = {isa = PBXFileReference; lastKnownFileType = text.plist.xml; path = Info.plist; sourceTree = "<group>"; };
		DA0030DE276B7CC6001EDACB /* GoogleService-Info.plist */ = {isa = PBXFileReference; fileEncoding = 4; lastKnownFileType = text.plist.xml; path = "GoogleService-Info.plist"; sourceTree = "<group>"; };
		DA0030E0276B903E001EDACB /* RemoteConfigService.swift */ = {isa = PBXFileReference; lastKnownFileType = sourcecode.swift; path = RemoteConfigService.swift; sourceTree = "<group>"; };
		DA28702C276CA01000A8B3E0 /* businessFlow.json */ = {isa = PBXFileReference; fileEncoding = 4; lastKnownFileType = text.json; path = businessFlow.json; sourceTree = "<group>"; };
		DA28702E276CAB2400A8B3E0 /* Bundle+Extension.swift */ = {isa = PBXFileReference; lastKnownFileType = sourcecode.swift; path = "Bundle+Extension.swift"; sourceTree = "<group>"; };
		DA287036276CABE600A8B3E0 /* BusinessFlow.swift */ = {isa = PBXFileReference; lastKnownFileType = sourcecode.swift; path = BusinessFlow.swift; sourceTree = "<group>"; };
		DA287038276CAE4500A8B3E0 /* BusinessFlowViewController.swift */ = {isa = PBXFileReference; lastKnownFileType = sourcecode.swift; path = BusinessFlowViewController.swift; sourceTree = "<group>"; };
/* End PBXFileReference section */

/* Begin PBXFrameworksBuildPhase section */
		DA0030C4276B7BA9001EDACB /* Frameworks */ = {
			isa = PBXFrameworksBuildPhase;
			buildActionMask = 2147483647;
			files = (
				79CF85A23E321FA9E405F57D /* Pods_RemoteConfig.framework in Frameworks */,
			);
			runOnlyForDeploymentPostprocessing = 0;
		};
/* End PBXFrameworksBuildPhase section */

/* Begin PBXGroup section */
		DA0030BE276B7BA9001EDACB = {
			isa = PBXGroup;
			children = (
				DA0030C9276B7BA9001EDACB /* RemoteConfig */,
				DA0030C8276B7BA9001EDACB /* Products */,
				DD0F53443263144543EE81D8 /* Pods */,
				E756720C5996B631C6859070 /* Frameworks */,
			);
			sourceTree = "<group>";
		};
		DA0030C8276B7BA9001EDACB /* Products */ = {
			isa = PBXGroup;
			children = (
				DA0030C7276B7BA9001EDACB /* RemoteConfig.app */,
			);
			name = Products;
			sourceTree = "<group>";
		};
		DA0030C9276B7BA9001EDACB /* RemoteConfig */ = {
			isa = PBXGroup;
			children = (
				DA287035276CABD500A8B3E0 /* Models */,
				DA287034276CAB8A00A8B3E0 /* Controllers */,
				DA287033276CAB8400A8B3E0 /* Utils */,
				DA287032276CAB7E00A8B3E0 /* Services */,
				DA287031276CAB6A00A8B3E0 /* Storyboards */,
				DA287030276CAB3400A8B3E0 /* Resources */,
			);
			path = RemoteConfig;
			sourceTree = "<group>";
		};
		DA287030276CAB3400A8B3E0 /* Resources */ = {
			isa = PBXGroup;
			children = (
				DA0030CA276B7BA9001EDACB /* AppDelegate.swift */,
				DA0030CC276B7BA9001EDACB /* SceneDelegate.swift */,
				DA28702C276CA01000A8B3E0 /* businessFlow.json */,
				DA0030D3276B7BAA001EDACB /* Assets.xcassets */,
				DA0030DE276B7CC6001EDACB /* GoogleService-Info.plist */,
				DA0030D8276B7BAA001EDACB /* Info.plist */,
			);
			path = Resources;
			sourceTree = "<group>";
		};
		DA287031276CAB6A00A8B3E0 /* Storyboards */ = {
			isa = PBXGroup;
			children = (
				DA0030D0276B7BA9001EDACB /* Main.storyboard */,
				DA0030D5276B7BAA001EDACB /* LaunchScreen.storyboard */,
			);
			path = Storyboards;
			sourceTree = "<group>";
		};
		DA287032276CAB7E00A8B3E0 /* Services */ = {
			isa = PBXGroup;
			children = (
				DA0030E0276B903E001EDACB /* RemoteConfigService.swift */,
			);
			path = Services;
			sourceTree = "<group>";
		};
		DA287033276CAB8400A8B3E0 /* Utils */ = {
			isa = PBXGroup;
			children = (
				DA28702E276CAB2400A8B3E0 /* Bundle+Extension.swift */,
			);
			path = Utils;
			sourceTree = "<group>";
		};
		DA287034276CAB8A00A8B3E0 /* Controllers */ = {
			isa = PBXGroup;
			children = (
				DA0030CE276B7BA9001EDACB /* MainViewController.swift */,
				DA287038276CAE4500A8B3E0 /* BusinessFlowViewController.swift */,
			);
			path = Controllers;
			sourceTree = "<group>";
		};
		DA287035276CABD500A8B3E0 /* Models */ = {
			isa = PBXGroup;
			children = (
				DA287036276CABE600A8B3E0 /* BusinessFlow.swift */,
			);
			path = Models;
			sourceTree = "<group>";
		};
		DD0F53443263144543EE81D8 /* Pods */ = {
			isa = PBXGroup;
			children = (
				0A535B600A8D3EFF0C044638 /* Pods-RemoteConfig.debug.xcconfig */,
				A8E9230A60D435F59D751930 /* Pods-RemoteConfig.release.xcconfig */,
			);
			path = Pods;
			sourceTree = "<group>";
		};
		E756720C5996B631C6859070 /* Frameworks */ = {
			isa = PBXGroup;
			children = (
				42A5D5DDC206FF0AF0141ADD /* Pods_RemoteConfig.framework */,
			);
			name = Frameworks;
			sourceTree = "<group>";
		};
/* End PBXGroup section */

/* Begin PBXNativeTarget section */
		DA0030C6276B7BA9001EDACB /* RemoteConfig */ = {
			isa = PBXNativeTarget;
			buildConfigurationList = DA0030DB276B7BAA001EDACB /* Build configuration list for PBXNativeTarget "RemoteConfig" */;
			buildPhases = (
				E48CC7938C261ED83A76BAB7 /* [CP] Check Pods Manifest.lock */,
				DA0030C3276B7BA9001EDACB /* Sources */,
				DA0030C4276B7BA9001EDACB /* Frameworks */,
				DA0030C5276B7BA9001EDACB /* Resources */,
				2527E2E1F09D1F3825249B4E /* [CP] Embed Pods Frameworks */,
			);
			buildRules = (
			);
			dependencies = (
			);
			name = RemoteConfig;
			productName = RemoteConfig;
			productReference = DA0030C7276B7BA9001EDACB /* RemoteConfig.app */;
			productType = "com.apple.product-type.application";
		};
/* End PBXNativeTarget section */

/* Begin PBXProject section */
		DA0030BF276B7BA9001EDACB /* Project object */ = {
			isa = PBXProject;
			attributes = {
				BuildIndependentTargetsInParallel = 1;
				LastSwiftUpdateCheck = 1320;
				LastUpgradeCheck = 1320;
				TargetAttributes = {
					DA0030C6276B7BA9001EDACB = {
						CreatedOnToolsVersion = 13.2;
					};
				};
			};
			buildConfigurationList = DA0030C2276B7BA9001EDACB /* Build configuration list for PBXProject "RemoteConfig" */;
			compatibilityVersion = "Xcode 13.0";
			developmentRegion = en;
			hasScannedForEncodings = 0;
			knownRegions = (
				en,
				Base,
			);
			mainGroup = DA0030BE276B7BA9001EDACB;
			productRefGroup = DA0030C8276B7BA9001EDACB /* Products */;
			projectDirPath = "";
			projectRoot = "";
			targets = (
				DA0030C6276B7BA9001EDACB /* RemoteConfig */,
			);
		};
/* End PBXProject section */

/* Begin PBXResourcesBuildPhase section */
		DA0030C5276B7BA9001EDACB /* Resources */ = {
			isa = PBXResourcesBuildPhase;
			buildActionMask = 2147483647;
			files = (
				DA0030D7276B7BAA001EDACB /* LaunchScreen.storyboard in Resources */,
				DA0030DF276B7CC6001EDACB /* GoogleService-Info.plist in Resources */,
				DA28702D276CA01000A8B3E0 /* businessFlow.json in Resources */,
				DA0030D4276B7BAA001EDACB /* Assets.xcassets in Resources */,
				DA0030D2276B7BA9001EDACB /* Main.storyboard in Resources */,
			);
			runOnlyForDeploymentPostprocessing = 0;
		};
/* End PBXResourcesBuildPhase section */

/* Begin PBXShellScriptBuildPhase section */
		2527E2E1F09D1F3825249B4E /* [CP] Embed Pods Frameworks */ = {
			isa = PBXShellScriptBuildPhase;
			buildActionMask = 2147483647;
			files = (
			);
			inputFileListPaths = (
				"${PODS_ROOT}/Target Support Files/Pods-RemoteConfig/Pods-RemoteConfig-frameworks-${CONFIGURATION}-input-files.xcfilelist",
			);
			name = "[CP] Embed Pods Frameworks";
			outputFileListPaths = (
				"${PODS_ROOT}/Target Support Files/Pods-RemoteConfig/Pods-RemoteConfig-frameworks-${CONFIGURATION}-output-files.xcfilelist",
			);
			runOnlyForDeploymentPostprocessing = 0;
			shellPath = /bin/sh;
			shellScript = "\"${PODS_ROOT}/Target Support Files/Pods-RemoteConfig/Pods-RemoteConfig-frameworks.sh\"\n";
			showEnvVarsInLog = 0;
		};
		E48CC7938C261ED83A76BAB7 /* [CP] Check Pods Manifest.lock */ = {
			isa = PBXShellScriptBuildPhase;
			buildActionMask = 2147483647;
			files = (
			);
			inputFileListPaths = (
			);
			inputPaths = (
				"${PODS_PODFILE_DIR_PATH}/Podfile.lock",
				"${PODS_ROOT}/Manifest.lock",
			);
			name = "[CP] Check Pods Manifest.lock";
			outputFileListPaths = (
			);
			outputPaths = (
				"$(DERIVED_FILE_DIR)/Pods-RemoteConfig-checkManifestLockResult.txt",
			);
			runOnlyForDeploymentPostprocessing = 0;
			shellPath = /bin/sh;
			shellScript = "diff \"${PODS_PODFILE_DIR_PATH}/Podfile.lock\" \"${PODS_ROOT}/Manifest.lock\" > /dev/null\nif [ $? != 0 ] ; then\n    # print error to STDERR\n    echo \"error: The sandbox is not in sync with the Podfile.lock. Run 'pod install' or update your CocoaPods installation.\" >&2\n    exit 1\nfi\n# This output is used by Xcode 'outputs' to avoid re-running this script phase.\necho \"SUCCESS\" > \"${SCRIPT_OUTPUT_FILE_0}\"\n";
			showEnvVarsInLog = 0;
		};
/* End PBXShellScriptBuildPhase section */

/* Begin PBXSourcesBuildPhase section */
		DA0030C3276B7BA9001EDACB /* Sources */ = {
			isa = PBXSourcesBuildPhase;
			buildActionMask = 2147483647;
			files = (
				DA0030CF276B7BA9001EDACB /* MainViewController.swift in Sources */,
				DA28702F276CAB2400A8B3E0 /* Bundle+Extension.swift in Sources */,
				DA287039276CAE4500A8B3E0 /* BusinessFlowViewController.swift in Sources */,
				DA0030CB276B7BA9001EDACB /* AppDelegate.swift in Sources */,
				DA287037276CABE600A8B3E0 /* BusinessFlow.swift in Sources */,
				DA0030CD276B7BA9001EDACB /* SceneDelegate.swift in Sources */,
				DA0030E1276B903E001EDACB /* RemoteConfigService.swift in Sources */,
			);
			runOnlyForDeploymentPostprocessing = 0;
		};
/* End PBXSourcesBuildPhase section */

/* Begin PBXVariantGroup section */
		DA0030D0276B7BA9001EDACB /* Main.storyboard */ = {
			isa = PBXVariantGroup;
			children = (
				DA0030D1276B7BA9001EDACB /* Base */,
			);
			name = Main.storyboard;
			sourceTree = "<group>";
		};
		DA0030D5276B7BAA001EDACB /* LaunchScreen.storyboard */ = {
			isa = PBXVariantGroup;
			children = (
				DA0030D6276B7BAA001EDACB /* Base */,
			);
			name = LaunchScreen.storyboard;
			sourceTree = "<group>";
		};
/* End PBXVariantGroup section */

/* Begin XCBuildConfiguration section */
		DA0030D9276B7BAA001EDACB /* Debug */ = {
			isa = XCBuildConfiguration;
			buildSettings = {
				ALWAYS_SEARCH_USER_PATHS = NO;
				CLANG_ANALYZER_NONNULL = YES;
				CLANG_ANALYZER_NUMBER_OBJECT_CONVERSION = YES_AGGRESSIVE;
				CLANG_CXX_LANGUAGE_STANDARD = "gnu++17";
				CLANG_CXX_LIBRARY = "libc++";
				CLANG_ENABLE_MODULES = YES;
				CLANG_ENABLE_OBJC_ARC = YES;
				CLANG_ENABLE_OBJC_WEAK = YES;
				CLANG_WARN_BLOCK_CAPTURE_AUTORELEASING = YES;
				CLANG_WARN_BOOL_CONVERSION = YES;
				CLANG_WARN_COMMA = YES;
				CLANG_WARN_CONSTANT_CONVERSION = YES;
				CLANG_WARN_DEPRECATED_OBJC_IMPLEMENTATIONS = YES;
				CLANG_WARN_DIRECT_OBJC_ISA_USAGE = YES_ERROR;
				CLANG_WARN_DOCUMENTATION_COMMENTS = YES;
				CLANG_WARN_EMPTY_BODY = YES;
				CLANG_WARN_ENUM_CONVERSION = YES;
				CLANG_WARN_INFINITE_RECURSION = YES;
				CLANG_WARN_INT_CONVERSION = YES;
				CLANG_WARN_NON_LITERAL_NULL_CONVERSION = YES;
				CLANG_WARN_OBJC_IMPLICIT_RETAIN_SELF = YES;
				CLANG_WARN_OBJC_LITERAL_CONVERSION = YES;
				CLANG_WARN_OBJC_ROOT_CLASS = YES_ERROR;
				CLANG_WARN_QUOTED_INCLUDE_IN_FRAMEWORK_HEADER = YES;
				CLANG_WARN_RANGE_LOOP_ANALYSIS = YES;
				CLANG_WARN_STRICT_PROTOTYPES = YES;
				CLANG_WARN_SUSPICIOUS_MOVE = YES;
				CLANG_WARN_UNGUARDED_AVAILABILITY = YES_AGGRESSIVE;
				CLANG_WARN_UNREACHABLE_CODE = YES;
				CLANG_WARN__DUPLICATE_METHOD_MATCH = YES;
				COPY_PHASE_STRIP = NO;
				DEBUG_INFORMATION_FORMAT = dwarf;
				ENABLE_STRICT_OBJC_MSGSEND = YES;
				ENABLE_TESTABILITY = YES;
				GCC_C_LANGUAGE_STANDARD = gnu11;
				GCC_DYNAMIC_NO_PIC = NO;
				GCC_NO_COMMON_BLOCKS = YES;
				GCC_OPTIMIZATION_LEVEL = 0;
				GCC_PREPROCESSOR_DEFINITIONS = (
					"DEBUG=1",
					"$(inherited)",
				);
				GCC_WARN_64_TO_32_BIT_CONVERSION = YES;
				GCC_WARN_ABOUT_RETURN_TYPE = YES_ERROR;
				GCC_WARN_UNDECLARED_SELECTOR = YES;
				GCC_WARN_UNINITIALIZED_AUTOS = YES_AGGRESSIVE;
				GCC_WARN_UNUSED_FUNCTION = YES;
				GCC_WARN_UNUSED_VARIABLE = YES;
				IPHONEOS_DEPLOYMENT_TARGET = 15.2;
				MTL_ENABLE_DEBUG_INFO = INCLUDE_SOURCE;
				MTL_FAST_MATH = YES;
				ONLY_ACTIVE_ARCH = YES;
				SDKROOT = iphoneos;
				SWIFT_ACTIVE_COMPILATION_CONDITIONS = DEBUG;
				SWIFT_OPTIMIZATION_LEVEL = "-Onone";
			};
			name = Debug;
		};
		DA0030DA276B7BAA001EDACB /* Release */ = {
			isa = XCBuildConfiguration;
			buildSettings = {
				ALWAYS_SEARCH_USER_PATHS = NO;
				CLANG_ANALYZER_NONNULL = YES;
				CLANG_ANALYZER_NUMBER_OBJECT_CONVERSION = YES_AGGRESSIVE;
				CLANG_CXX_LANGUAGE_STANDARD = "gnu++17";
				CLANG_CXX_LIBRARY = "libc++";
				CLANG_ENABLE_MODULES = YES;
				CLANG_ENABLE_OBJC_ARC = YES;
				CLANG_ENABLE_OBJC_WEAK = YES;
				CLANG_WARN_BLOCK_CAPTURE_AUTORELEASING = YES;
				CLANG_WARN_BOOL_CONVERSION = YES;
				CLANG_WARN_COMMA = YES;
				CLANG_WARN_CONSTANT_CONVERSION = YES;
				CLANG_WARN_DEPRECATED_OBJC_IMPLEMENTATIONS = YES;
				CLANG_WARN_DIRECT_OBJC_ISA_USAGE = YES_ERROR;
				CLANG_WARN_DOCUMENTATION_COMMENTS = YES;
				CLANG_WARN_EMPTY_BODY = YES;
				CLANG_WARN_ENUM_CONVERSION = YES;
				CLANG_WARN_INFINITE_RECURSION = YES;
				CLANG_WARN_INT_CONVERSION = YES;
				CLANG_WARN_NON_LITERAL_NULL_CONVERSION = YES;
				CLANG_WARN_OBJC_IMPLICIT_RETAIN_SELF = YES;
				CLANG_WARN_OBJC_LITERAL_CONVERSION = YES;
				CLANG_WARN_OBJC_ROOT_CLASS = YES_ERROR;
				CLANG_WARN_QUOTED_INCLUDE_IN_FRAMEWORK_HEADER = YES;
				CLANG_WARN_RANGE_LOOP_ANALYSIS = YES;
				CLANG_WARN_STRICT_PROTOTYPES = YES;
				CLANG_WARN_SUSPICIOUS_MOVE = YES;
				CLANG_WARN_UNGUARDED_AVAILABILITY = YES_AGGRESSIVE;
				CLANG_WARN_UNREACHABLE_CODE = YES;
				CLANG_WARN__DUPLICATE_METHOD_MATCH = YES;
				COPY_PHASE_STRIP = NO;
				DEBUG_INFORMATION_FORMAT = "dwarf-with-dsym";
				ENABLE_NS_ASSERTIONS = NO;
				ENABLE_STRICT_OBJC_MSGSEND = YES;
				GCC_C_LANGUAGE_STANDARD = gnu11;
				GCC_NO_COMMON_BLOCKS = YES;
				GCC_WARN_64_TO_32_BIT_CONVERSION = YES;
				GCC_WARN_ABOUT_RETURN_TYPE = YES_ERROR;
				GCC_WARN_UNDECLARED_SELECTOR = YES;
				GCC_WARN_UNINITIALIZED_AUTOS = YES_AGGRESSIVE;
				GCC_WARN_UNUSED_FUNCTION = YES;
				GCC_WARN_UNUSED_VARIABLE = YES;
				IPHONEOS_DEPLOYMENT_TARGET = 15.2;
				MTL_ENABLE_DEBUG_INFO = NO;
				MTL_FAST_MATH = YES;
				SDKROOT = iphoneos;
				SWIFT_COMPILATION_MODE = wholemodule;
				SWIFT_OPTIMIZATION_LEVEL = "-O";
				VALIDATE_PRODUCT = YES;
			};
			name = Release;
		};
		DA0030DC276B7BAA001EDACB /* Debug */ = {
			isa = XCBuildConfiguration;
			baseConfigurationReference = 0A535B600A8D3EFF0C044638 /* Pods-RemoteConfig.debug.xcconfig */;
			buildSettings = {
				ASSETCATALOG_COMPILER_APPICON_NAME = AppIcon;
				ASSETCATALOG_COMPILER_GLOBAL_ACCENT_COLOR_NAME = AccentColor;
				CODE_SIGN_STYLE = Automatic;
				CURRENT_PROJECT_VERSION = 1;
				DEVELOPMENT_TEAM = GD7GT762TS;
				GENERATE_INFOPLIST_FILE = YES;
				INFOPLIST_FILE = RemoteConfig/Resources/Info.plist;
				INFOPLIST_KEY_UIApplicationSupportsIndirectInputEvents = YES;
				INFOPLIST_KEY_UILaunchStoryboardName = LaunchScreen;
				INFOPLIST_KEY_UIMainStoryboardFile = Main;
				INFOPLIST_KEY_UISupportedInterfaceOrientations_iPad = "UIInterfaceOrientationPortrait UIInterfaceOrientationPortraitUpsideDown UIInterfaceOrientationLandscapeLeft UIInterfaceOrientationLandscapeRight";
				INFOPLIST_KEY_UISupportedInterfaceOrientations_iPhone = "UIInterfaceOrientationPortrait UIInterfaceOrientationLandscapeLeft UIInterfaceOrientationLandscapeRight";
				LD_RUNPATH_SEARCH_PATHS = (
					"$(inherited)",
					"@executable_path/Frameworks",
				);
				MARKETING_VERSION = 1.0;
				PRODUCT_BUNDLE_IDENTIFIER = normprojects.RemoteConfig;
				PRODUCT_NAME = "$(TARGET_NAME)";
				SWIFT_EMIT_LOC_STRINGS = YES;
				SWIFT_VERSION = 5.0;
				TARGETED_DEVICE_FAMILY = "1,2";
			};
			name = Debug;
		};
		DA0030DD276B7BAA001EDACB /* Release */ = {
			isa = XCBuildConfiguration;
			baseConfigurationReference = A8E9230A60D435F59D751930 /* Pods-RemoteConfig.release.xcconfig */;
			buildSettings = {
				ASSETCATALOG_COMPILER_APPICON_NAME = AppIcon;
				ASSETCATALOG_COMPILER_GLOBAL_ACCENT_COLOR_NAME = AccentColor;
				CODE_SIGN_STYLE = Automatic;
				CURRENT_PROJECT_VERSION = 1;
				DEVELOPMENT_TEAM = GD7GT762TS;
				GENERATE_INFOPLIST_FILE = YES;
				INFOPLIST_FILE = RemoteConfig/Resources/Info.plist;
				INFOPLIST_KEY_UIApplicationSupportsIndirectInputEvents = YES;
				INFOPLIST_KEY_UILaunchStoryboardName = LaunchScreen;
				INFOPLIST_KEY_UIMainStoryboardFile = Main;
				INFOPLIST_KEY_UISupportedInterfaceOrientations_iPad = "UIInterfaceOrientationPortrait UIInterfaceOrientationPortraitUpsideDown UIInterfaceOrientationLandscapeLeft UIInterfaceOrientationLandscapeRight";
				INFOPLIST_KEY_UISupportedInterfaceOrientations_iPhone = "UIInterfaceOrientationPortrait UIInterfaceOrientationLandscapeLeft UIInterfaceOrientationLandscapeRight";
				LD_RUNPATH_SEARCH_PATHS = (
					"$(inherited)",
					"@executable_path/Frameworks",
				);
				MARKETING_VERSION = 1.0;
				PRODUCT_BUNDLE_IDENTIFIER = normprojects.RemoteConfig;
				PRODUCT_NAME = "$(TARGET_NAME)";
				SWIFT_EMIT_LOC_STRINGS = YES;
				SWIFT_VERSION = 5.0;
				TARGETED_DEVICE_FAMILY = "1,2";
			};
			name = Release;
		};
/* End XCBuildConfiguration section */

/* Begin XCConfigurationList section */
		DA0030C2276B7BA9001EDACB /* Build configuration list for PBXProject "RemoteConfig" */ = {
			isa = XCConfigurationList;
			buildConfigurations = (
				DA0030D9276B7BAA001EDACB /* Debug */,
				DA0030DA276B7BAA001EDACB /* Release */,
			);
			defaultConfigurationIsVisible = 0;
			defaultConfigurationName = Release;
		};
		DA0030DB276B7BAA001EDACB /* Build configuration list for PBXNativeTarget "RemoteConfig" */ = {
			isa = XCConfigurationList;
			buildConfigurations = (
				DA0030DC276B7BAA001EDACB /* Debug */,
				DA0030DD276B7BAA001EDACB /* Release */,
			);
			defaultConfigurationIsVisible = 0;
			defaultConfigurationName = Release;
		};
/* End XCConfigurationList section */
	};
	rootObject = DA0030BF276B7BA9001EDACB /* Project object */;
}
