// !$*UTF8*$!
{
	archiveVersion = 1;
	classes = {
	};
	objectVersion = 55;
	objects = {

/* Begin PBXBuildFile section */
		D246F31FD694A12E0F115271 /* Pods_Onboard.framework in Frameworks */ = {isa = PBXBuildFile; fileRef = C8C11161891027450CD6E4DC /* Pods_Onboard.framework */; };
		DA0030CB276B7BA9001EDACB /* AppDelegate.swift in Sources */ = {isa = PBXBuildFile; fileRef = DA0030CA276B7BA9001EDACB /* AppDelegate.swift */; };
		DA0030CD276B7BA9001EDACB /* SceneDelegate.swift in Sources */ = {isa = PBXBuildFile; fileRef = DA0030CC276B7BA9001EDACB /* SceneDelegate.swift */; };
		DA0030CF276B7BA9001EDACB /* MainViewController.swift in Sources */ = {isa = PBXBuildFile; fileRef = DA0030CE276B7BA9001EDACB /* MainViewController.swift */; };
		DA0030D4276B7BAA001EDACB /* Assets.xcassets in Resources */ = {isa = PBXBuildFile; fileRef = DA0030D3276B7BAA001EDACB /* Assets.xcassets */; };
		DA0030D7276B7BAA001EDACB /* LaunchScreen.storyboard in Resources */ = {isa = PBXBuildFile; fileRef = DA0030D5276B7BAA001EDACB /* LaunchScreen.storyboard */; };
		DA0030DF276B7CC6001EDACB /* GoogleService-Info.plist in Resources */ = {isa = PBXBuildFile; fileRef = DA0030DE276B7CC6001EDACB /* GoogleService-Info.plist */; };
		DA0030E1276B903E001EDACB /* RemoteConfigService.swift in Sources */ = {isa = PBXBuildFile; fileRef = DA0030E0276B903E001EDACB /* RemoteConfigService.swift */; };
		DA0292C4276FED3300580401 /* UIHelper.swift in Sources */ = {isa = PBXBuildFile; fileRef = DA0292C3276FED3300580401 /* UIHelper.swift */; };
		DA0292C7276FF31C00580401 /* RCCountryCell.swift in Sources */ = {isa = PBXBuildFile; fileRef = DA0292C6276FF31C00580401 /* RCCountryCell.swift */; };
		DA03B920277B39AC003537EF /* LandingViewModel.swift in Sources */ = {isa = PBXBuildFile; fileRef = DA03B91F277B39AC003537EF /* LandingViewModel.swift */; };
		DA28702D276CA01000A8B3E0 /* countries.json in Resources */ = {isa = PBXBuildFile; fileRef = DA28702C276CA01000A8B3E0 /* countries.json */; };
		DA28702F276CAB2400A8B3E0 /* Bundle+Extension.swift in Sources */ = {isa = PBXBuildFile; fileRef = DA28702E276CAB2400A8B3E0 /* Bundle+Extension.swift */; };
		DA287037276CABE600A8B3E0 /* Country.swift in Sources */ = {isa = PBXBuildFile; fileRef = DA287036276CABE600A8B3E0 /* Country.swift */; };
		DA287039276CAE4500A8B3E0 /* CountriesViewController.swift in Sources */ = {isa = PBXBuildFile; fileRef = DA287038276CAE4500A8B3E0 /* CountriesViewController.swift */; };
		DA28703C276CF5B400A8B3E0 /* Endpoint.swift in Sources */ = {isa = PBXBuildFile; fileRef = DA28703B276CF5B400A8B3E0 /* Endpoint.swift */; };
		DA3290F327701069003545C9 /* RCLabel.swift in Sources */ = {isa = PBXBuildFile; fileRef = DA3290F227701069003545C9 /* RCLabel.swift */; };
		DA3290F72770122D003545C9 /* flags.json in Resources */ = {isa = PBXBuildFile; fileRef = DA3290F62770122D003545C9 /* flags.json */; };
		DA3290F927701254003545C9 /* WebService.swift in Sources */ = {isa = PBXBuildFile; fileRef = DA3290F827701254003545C9 /* WebService.swift */; };
		DA3290FB277012A6003545C9 /* RCError.swift in Sources */ = {isa = PBXBuildFile; fileRef = DA3290FA277012A6003545C9 /* RCError.swift */; };
		DA3290FD2770225F003545C9 /* RCImageView.swift in Sources */ = {isa = PBXBuildFile; fileRef = DA3290FC2770225F003545C9 /* RCImageView.swift */; };
		DA3290FF27702D84003545C9 /* Flag.swift in Sources */ = {isa = PBXBuildFile; fileRef = DA3290FE27702D84003545C9 /* Flag.swift */; };
		DA329101277052A2003545C9 /* UIView+Extension.swift in Sources */ = {isa = PBXBuildFile; fileRef = DA329100277052A2003545C9 /* UIView+Extension.swift */; };
		DA3291082771E70D003545C9 /* R.generated.swift in Sources */ = {isa = PBXBuildFile; fileRef = DA3291072771E70D003545C9 /* R.generated.swift */; };
		DA32910A2771FBF8003545C9 /* LandingViewController.swift in Sources */ = {isa = PBXBuildFile; fileRef = DA3291092771FBF8003545C9 /* LandingViewController.swift */; };
		DA32910C2772032B003545C9 /* UIViewController+Extension.swift in Sources */ = {isa = PBXBuildFile; fileRef = DA32910B2772032B003545C9 /* UIViewController+Extension.swift */; };
		DA329118277219CC003545C9 /* Localizable.strings in Resources */ = {isa = PBXBuildFile; fileRef = DA32911A277219CC003545C9 /* Localizable.strings */; };
		DA4F6267277C60A2007EBDC0 /* LandingViewModelWithCoreML.swift in Sources */ = {isa = PBXBuildFile; fileRef = DA4F6266277C60A2007EBDC0 /* LandingViewModelWithCoreML.swift */; };
		DA4F6269277C67E7007EBDC0 /* DeepLabV3.mlmodel in Sources */ = {isa = PBXBuildFile; fileRef = DA4F6268277C67E7007EBDC0 /* DeepLabV3.mlmodel */; };
		DA4F6284277C6E0A007EBDC0 /* Predictions.swift in Sources */ = {isa = PBXBuildFile; fileRef = DA4F6273277C6E09007EBDC0 /* Predictions.swift */; };
		DA4F6285277C6E0A007EBDC0 /* CoreML+Combine.swift in Sources */ = {isa = PBXBuildFile; fileRef = DA4F6274277C6E09007EBDC0 /* CoreML+Combine.swift */; };
		DA4F6286277C6E0A007EBDC0 /* MLMultiArray+Image.swift in Sources */ = {isa = PBXBuildFile; fileRef = DA4F6275277C6E09007EBDC0 /* MLMultiArray+Image.swift */; };
		DA4F6287277C6E0A007EBDC0 /* CGImage+RawBytes.swift in Sources */ = {isa = PBXBuildFile; fileRef = DA4F6276277C6E09007EBDC0 /* CGImage+RawBytes.swift */; };
		DA4F6288277C6E0A007EBDC0 /* MLMultiArray+Helpers.swift in Sources */ = {isa = PBXBuildFile; fileRef = DA4F6277277C6E09007EBDC0 /* MLMultiArray+Helpers.swift */; };
		DA4F6289277C6E0A007EBDC0 /* Array+Extensions.swift in Sources */ = {isa = PBXBuildFile; fileRef = DA4F6278277C6E09007EBDC0 /* Array+Extensions.swift */; };
		DA4F628A277C6E0A007EBDC0 /* Math.swift in Sources */ = {isa = PBXBuildFile; fileRef = DA4F6279277C6E09007EBDC0 /* Math.swift */; };
		DA4F628B277C6E0A007EBDC0 /* CVPixelBuffer+Rotate.swift in Sources */ = {isa = PBXBuildFile; fileRef = DA4F627A277C6E0A007EBDC0 /* CVPixelBuffer+Rotate.swift */; };
		DA4F628C277C6E0A007EBDC0 /* NonMaxSuppression.swift in Sources */ = {isa = PBXBuildFile; fileRef = DA4F627B277C6E0A007EBDC0 /* NonMaxSuppression.swift */; };
		DA4F628D277C6E0A007EBDC0 /* CGImagePropertyOrientation.swift in Sources */ = {isa = PBXBuildFile; fileRef = DA4F627C277C6E0A007EBDC0 /* CGImagePropertyOrientation.swift */; };
		DA4F628E277C6E0A007EBDC0 /* CVPixelBuffer+Create.swift in Sources */ = {isa = PBXBuildFile; fileRef = DA4F627D277C6E0A007EBDC0 /* CVPixelBuffer+Create.swift */; };
		DA4F628F277C6E0A007EBDC0 /* MLModel+Images.swift in Sources */ = {isa = PBXBuildFile; fileRef = DA4F627E277C6E0A007EBDC0 /* MLModel+Images.swift */; };
		DA4F6290277C6E0A007EBDC0 /* CGImage+CVPixelBuffer.swift in Sources */ = {isa = PBXBuildFile; fileRef = DA4F627F277C6E0A007EBDC0 /* CGImage+CVPixelBuffer.swift */; };
		DA4F6291277C6E0A007EBDC0 /* CVPixelBuffer+Resize.swift in Sources */ = {isa = PBXBuildFile; fileRef = DA4F6280277C6E0A007EBDC0 /* CVPixelBuffer+Resize.swift */; };
		DA4F6292277C6E0A007EBDC0 /* UIImage+CVPixelBuffer.swift in Sources */ = {isa = PBXBuildFile; fileRef = DA4F6281277C6E0A007EBDC0 /* UIImage+CVPixelBuffer.swift */; };
		DA4F6293277C6E0A007EBDC0 /* UIImage+Extensions.swift in Sources */ = {isa = PBXBuildFile; fileRef = DA4F6282277C6E0A007EBDC0 /* UIImage+Extensions.swift */; };
		DA4F6294277C6E0A007EBDC0 /* UIImage+RawBytes.swift in Sources */ = {isa = PBXBuildFile; fileRef = DA4F6283277C6E0A007EBDC0 /* UIImage+RawBytes.swift */; };
		DA4F6296277C6E76007EBDC0 /* CIImage+Extension.swift in Sources */ = {isa = PBXBuildFile; fileRef = DA4F6295277C6E76007EBDC0 /* CIImage+Extension.swift */; };
		DA4F6298277C6E91007EBDC0 /* UIImage+Extension.swift in Sources */ = {isa = PBXBuildFile; fileRef = DA4F6297277C6E91007EBDC0 /* UIImage+Extension.swift */; };
		DAC1543F277DBDD500D787DF /* FaceDetector.swift in Sources */ = {isa = PBXBuildFile; fileRef = DAC1543E277DBDD500D787DF /* FaceDetector.swift */; };
/* End PBXBuildFile section */

/* Begin PBXFileReference section */
		0A535B600A8D3EFF0C044638 /* Pods-RemoteConfig.debug.xcconfig */ = {isa = PBXFileReference; includeInIndex = 1; lastKnownFileType = text.xcconfig; name = "Pods-RemoteConfig.debug.xcconfig"; path = "Target Support Files/Pods-RemoteConfig/Pods-RemoteConfig.debug.xcconfig"; sourceTree = "<group>"; };
		3F4A27E44350DAFD3CF62FA9 /* Pods-Onboard.release.xcconfig */ = {isa = PBXFileReference; includeInIndex = 1; lastKnownFileType = text.xcconfig; name = "Pods-Onboard.release.xcconfig"; path = "Target Support Files/Pods-Onboard/Pods-Onboard.release.xcconfig"; sourceTree = "<group>"; };
		A8E9230A60D435F59D751930 /* Pods-RemoteConfig.release.xcconfig */ = {isa = PBXFileReference; includeInIndex = 1; lastKnownFileType = text.xcconfig; name = "Pods-RemoteConfig.release.xcconfig"; path = "Target Support Files/Pods-RemoteConfig/Pods-RemoteConfig.release.xcconfig"; sourceTree = "<group>"; };
		C8C11161891027450CD6E4DC /* Pods_Onboard.framework */ = {isa = PBXFileReference; explicitFileType = wrapper.framework; includeInIndex = 0; path = Pods_Onboard.framework; sourceTree = BUILT_PRODUCTS_DIR; };
		DA0030C7276B7BA9001EDACB /* Onboard.app */ = {isa = PBXFileReference; explicitFileType = wrapper.application; includeInIndex = 0; path = Onboard.app; sourceTree = BUILT_PRODUCTS_DIR; };
		DA0030CA276B7BA9001EDACB /* AppDelegate.swift */ = {isa = PBXFileReference; lastKnownFileType = sourcecode.swift; path = AppDelegate.swift; sourceTree = "<group>"; };
		DA0030CC276B7BA9001EDACB /* SceneDelegate.swift */ = {isa = PBXFileReference; lastKnownFileType = sourcecode.swift; path = SceneDelegate.swift; sourceTree = "<group>"; };
		DA0030CE276B7BA9001EDACB /* MainViewController.swift */ = {isa = PBXFileReference; lastKnownFileType = sourcecode.swift; path = MainViewController.swift; sourceTree = "<group>"; };
		DA0030D3276B7BAA001EDACB /* Assets.xcassets */ = {isa = PBXFileReference; lastKnownFileType = folder.assetcatalog; path = Assets.xcassets; sourceTree = "<group>"; };
		DA0030D6276B7BAA001EDACB /* Base */ = {isa = PBXFileReference; lastKnownFileType = file.storyboard; name = Base; path = Base.lproj/LaunchScreen.storyboard; sourceTree = "<group>"; };
		DA0030D8276B7BAA001EDACB /* Info.plist */ = {isa = PBXFileReference; lastKnownFileType = text.plist.xml; path = Info.plist; sourceTree = "<group>"; };
		DA0030DE276B7CC6001EDACB /* GoogleService-Info.plist */ = {isa = PBXFileReference; fileEncoding = 4; lastKnownFileType = text.plist.xml; path = "GoogleService-Info.plist"; sourceTree = "<group>"; };
		DA0030E0276B903E001EDACB /* RemoteConfigService.swift */ = {isa = PBXFileReference; lastKnownFileType = sourcecode.swift; path = RemoteConfigService.swift; sourceTree = "<group>"; };
		DA0292C3276FED3300580401 /* UIHelper.swift */ = {isa = PBXFileReference; lastKnownFileType = sourcecode.swift; path = UIHelper.swift; sourceTree = "<group>"; };
		DA0292C6276FF31C00580401 /* RCCountryCell.swift */ = {isa = PBXFileReference; lastKnownFileType = sourcecode.swift; path = RCCountryCell.swift; sourceTree = "<group>"; };
		DA03B91F277B39AC003537EF /* LandingViewModel.swift */ = {isa = PBXFileReference; lastKnownFileType = sourcecode.swift; path = LandingViewModel.swift; sourceTree = "<group>"; };
		DA28702C276CA01000A8B3E0 /* countries.json */ = {isa = PBXFileReference; fileEncoding = 4; lastKnownFileType = text.json; path = countries.json; sourceTree = "<group>"; };
		DA28702E276CAB2400A8B3E0 /* Bundle+Extension.swift */ = {isa = PBXFileReference; lastKnownFileType = sourcecode.swift; path = "Bundle+Extension.swift"; sourceTree = "<group>"; };
		DA287036276CABE600A8B3E0 /* Country.swift */ = {isa = PBXFileReference; lastKnownFileType = sourcecode.swift; path = Country.swift; sourceTree = "<group>"; };
		DA287038276CAE4500A8B3E0 /* CountriesViewController.swift */ = {isa = PBXFileReference; lastKnownFileType = sourcecode.swift; path = CountriesViewController.swift; sourceTree = "<group>"; };
		DA28703B276CF5B400A8B3E0 /* Endpoint.swift */ = {isa = PBXFileReference; lastKnownFileType = sourcecode.swift; path = Endpoint.swift; sourceTree = "<group>"; };
		DA3290F227701069003545C9 /* RCLabel.swift */ = {isa = PBXFileReference; lastKnownFileType = sourcecode.swift; path = RCLabel.swift; sourceTree = "<group>"; };
		DA3290F62770122D003545C9 /* flags.json */ = {isa = PBXFileReference; fileEncoding = 4; lastKnownFileType = text.json; path = flags.json; sourceTree = "<group>"; };
		DA3290F827701254003545C9 /* WebService.swift */ = {isa = PBXFileReference; lastKnownFileType = sourcecode.swift; path = WebService.swift; sourceTree = "<group>"; };
		DA3290FA277012A6003545C9 /* RCError.swift */ = {isa = PBXFileReference; fileEncoding = 4; lastKnownFileType = sourcecode.swift; path = RCError.swift; sourceTree = "<group>"; };
		DA3290FC2770225F003545C9 /* RCImageView.swift */ = {isa = PBXFileReference; lastKnownFileType = sourcecode.swift; path = RCImageView.swift; sourceTree = "<group>"; };
		DA3290FE27702D84003545C9 /* Flag.swift */ = {isa = PBXFileReference; lastKnownFileType = sourcecode.swift; path = Flag.swift; sourceTree = "<group>"; };
		DA329100277052A2003545C9 /* UIView+Extension.swift */ = {isa = PBXFileReference; lastKnownFileType = sourcecode.swift; path = "UIView+Extension.swift"; sourceTree = "<group>"; };
		DA3291072771E70D003545C9 /* R.generated.swift */ = {isa = PBXFileReference; fileEncoding = 4; lastKnownFileType = sourcecode.swift; path = R.generated.swift; sourceTree = SOURCE_ROOT; };
		DA3291092771FBF8003545C9 /* LandingViewController.swift */ = {isa = PBXFileReference; lastKnownFileType = sourcecode.swift; path = LandingViewController.swift; sourceTree = "<group>"; };
		DA32910B2772032B003545C9 /* UIViewController+Extension.swift */ = {isa = PBXFileReference; lastKnownFileType = sourcecode.swift; path = "UIViewController+Extension.swift"; sourceTree = "<group>"; };
		DA32911427721916003545C9 /* tr */ = {isa = PBXFileReference; lastKnownFileType = text.plist.strings; name = tr; path = tr.lproj/LaunchScreen.strings; sourceTree = "<group>"; };
		DA3291152772194E003545C9 /* en-GB */ = {isa = PBXFileReference; lastKnownFileType = text.plist.strings; name = "en-GB"; path = "en-GB.lproj/LaunchScreen.strings"; sourceTree = "<group>"; };
		DA329119277219CC003545C9 /* en */ = {isa = PBXFileReference; lastKnownFileType = text.plist.strings; name = en; path = en.lproj/Localizable.strings; sourceTree = "<group>"; };
		DA4F6266277C60A2007EBDC0 /* LandingViewModelWithCoreML.swift */ = {isa = PBXFileReference; lastKnownFileType = sourcecode.swift; path = LandingViewModelWithCoreML.swift; sourceTree = "<group>"; };
		DA4F6268277C67E7007EBDC0 /* DeepLabV3.mlmodel */ = {isa = PBXFileReference; lastKnownFileType = file.mlmodel; path = DeepLabV3.mlmodel; sourceTree = "<group>"; };
		DA4F6273277C6E09007EBDC0 /* Predictions.swift */ = {isa = PBXFileReference; fileEncoding = 4; lastKnownFileType = sourcecode.swift; path = Predictions.swift; sourceTree = "<group>"; };
		DA4F6274277C6E09007EBDC0 /* CoreML+Combine.swift */ = {isa = PBXFileReference; fileEncoding = 4; lastKnownFileType = sourcecode.swift; path = "CoreML+Combine.swift"; sourceTree = "<group>"; };
		DA4F6275277C6E09007EBDC0 /* MLMultiArray+Image.swift */ = {isa = PBXFileReference; fileEncoding = 4; lastKnownFileType = sourcecode.swift; path = "MLMultiArray+Image.swift"; sourceTree = "<group>"; };
		DA4F6276277C6E09007EBDC0 /* CGImage+RawBytes.swift */ = {isa = PBXFileReference; fileEncoding = 4; lastKnownFileType = sourcecode.swift; path = "CGImage+RawBytes.swift"; sourceTree = "<group>"; };
		DA4F6277277C6E09007EBDC0 /* MLMultiArray+Helpers.swift */ = {isa = PBXFileReference; fileEncoding = 4; lastKnownFileType = sourcecode.swift; path = "MLMultiArray+Helpers.swift"; sourceTree = "<group>"; };
		DA4F6278277C6E09007EBDC0 /* Array+Extensions.swift */ = {isa = PBXFileReference; fileEncoding = 4; lastKnownFileType = sourcecode.swift; path = "Array+Extensions.swift"; sourceTree = "<group>"; };
		DA4F6279277C6E09007EBDC0 /* Math.swift */ = {isa = PBXFileReference; fileEncoding = 4; lastKnownFileType = sourcecode.swift; path = Math.swift; sourceTree = "<group>"; };
		DA4F627A277C6E0A007EBDC0 /* CVPixelBuffer+Rotate.swift */ = {isa = PBXFileReference; fileEncoding = 4; lastKnownFileType = sourcecode.swift; path = "CVPixelBuffer+Rotate.swift"; sourceTree = "<group>"; };
		DA4F627B277C6E0A007EBDC0 /* NonMaxSuppression.swift */ = {isa = PBXFileReference; fileEncoding = 4; lastKnownFileType = sourcecode.swift; path = NonMaxSuppression.swift; sourceTree = "<group>"; };
		DA4F627C277C6E0A007EBDC0 /* CGImagePropertyOrientation.swift */ = {isa = PBXFileReference; fileEncoding = 4; lastKnownFileType = sourcecode.swift; path = CGImagePropertyOrientation.swift; sourceTree = "<group>"; };
		DA4F627D277C6E0A007EBDC0 /* CVPixelBuffer+Create.swift */ = {isa = PBXFileReference; fileEncoding = 4; lastKnownFileType = sourcecode.swift; path = "CVPixelBuffer+Create.swift"; sourceTree = "<group>"; };
		DA4F627E277C6E0A007EBDC0 /* MLModel+Images.swift */ = {isa = PBXFileReference; fileEncoding = 4; lastKnownFileType = sourcecode.swift; path = "MLModel+Images.swift"; sourceTree = "<group>"; };
		DA4F627F277C6E0A007EBDC0 /* CGImage+CVPixelBuffer.swift */ = {isa = PBXFileReference; fileEncoding = 4; lastKnownFileType = sourcecode.swift; path = "CGImage+CVPixelBuffer.swift"; sourceTree = "<group>"; };
		DA4F6280277C6E0A007EBDC0 /* CVPixelBuffer+Resize.swift */ = {isa = PBXFileReference; fileEncoding = 4; lastKnownFileType = sourcecode.swift; path = "CVPixelBuffer+Resize.swift"; sourceTree = "<group>"; };
		DA4F6281277C6E0A007EBDC0 /* UIImage+CVPixelBuffer.swift */ = {isa = PBXFileReference; fileEncoding = 4; lastKnownFileType = sourcecode.swift; path = "UIImage+CVPixelBuffer.swift"; sourceTree = "<group>"; };
		DA4F6282277C6E0A007EBDC0 /* UIImage+Extensions.swift */ = {isa = PBXFileReference; fileEncoding = 4; lastKnownFileType = sourcecode.swift; path = "UIImage+Extensions.swift"; sourceTree = "<group>"; };
		DA4F6283277C6E0A007EBDC0 /* UIImage+RawBytes.swift */ = {isa = PBXFileReference; fileEncoding = 4; lastKnownFileType = sourcecode.swift; path = "UIImage+RawBytes.swift"; sourceTree = "<group>"; };
		DA4F6295277C6E76007EBDC0 /* CIImage+Extension.swift */ = {isa = PBXFileReference; lastKnownFileType = sourcecode.swift; path = "CIImage+Extension.swift"; sourceTree = "<group>"; };
		DA4F6297277C6E91007EBDC0 /* UIImage+Extension.swift */ = {isa = PBXFileReference; lastKnownFileType = sourcecode.swift; path = "UIImage+Extension.swift"; sourceTree = "<group>"; };
		DAC1543E277DBDD500D787DF /* FaceDetector.swift */ = {isa = PBXFileReference; lastKnownFileType = sourcecode.swift; path = FaceDetector.swift; sourceTree = "<group>"; };
		E9A0A0907B1C624293FEB598 /* Pods-Onboard.debug.xcconfig */ = {isa = PBXFileReference; includeInIndex = 1; lastKnownFileType = text.xcconfig; name = "Pods-Onboard.debug.xcconfig"; path = "Target Support Files/Pods-Onboard/Pods-Onboard.debug.xcconfig"; sourceTree = "<group>"; };
/* End PBXFileReference section */

/* Begin PBXFrameworksBuildPhase section */
		DA0030C4276B7BA9001EDACB /* Frameworks */ = {
			isa = PBXFrameworksBuildPhase;
			buildActionMask = 2147483647;
			files = (
				D246F31FD694A12E0F115271 /* Pods_Onboard.framework in Frameworks */,
			);
			runOnlyForDeploymentPostprocessing = 0;
		};
/* End PBXFrameworksBuildPhase section */

/* Begin PBXGroup section */
		DA0030BE276B7BA9001EDACB = {
			isa = PBXGroup;
			children = (
				DA0030C9276B7BA9001EDACB /* RemoteConfig */,
				DA0030C8276B7BA9001EDACB /* Products */,
				DD0F53443263144543EE81D8 /* Pods */,
				E756720C5996B631C6859070 /* Frameworks */,
			);
			sourceTree = "<group>";
		};
		DA0030C8276B7BA9001EDACB /* Products */ = {
			isa = PBXGroup;
			children = (
				DA0030C7276B7BA9001EDACB /* Onboard.app */,
			);
			name = Products;
			sourceTree = "<group>";
		};
		DA0030C9276B7BA9001EDACB /* RemoteConfig */ = {
			isa = PBXGroup;
			children = (
				DA287035276CABD500A8B3E0 /* Models */,
				DA0292C5276FF30600580401 /* View */,
				DA03B91E277B3996003537EF /* ViewModels */,
				DA287034276CAB8A00A8B3E0 /* Controllers */,
				DA287032276CAB7E00A8B3E0 /* Services */,
				DA287033276CAB8400A8B3E0 /* Utils */,
				DA287030276CAB3400A8B3E0 /* Resources */,
			);
			path = RemoteConfig;
			sourceTree = "<group>";
		};
		DA0292C5276FF30600580401 /* View */ = {
			isa = PBXGroup;
			children = (
				DA3290F227701069003545C9 /* RCLabel.swift */,
				DA3290FC2770225F003545C9 /* RCImageView.swift */,
				DA0292C6276FF31C00580401 /* RCCountryCell.swift */,
			);
			path = View;
			sourceTree = "<group>";
		};
		DA03B91E277B3996003537EF /* ViewModels */ = {
			isa = PBXGroup;
			children = (
				DA03B91F277B39AC003537EF /* LandingViewModel.swift */,
				DA4F6266277C60A2007EBDC0 /* LandingViewModelWithCoreML.swift */,
			);
			path = ViewModels;
			sourceTree = "<group>";
		};
		DA287030276CAB3400A8B3E0 /* Resources */ = {
			isa = PBXGroup;
			children = (
				DA0030CA276B7BA9001EDACB /* AppDelegate.swift */,
				DA0030CC276B7BA9001EDACB /* SceneDelegate.swift */,
				DA3290F62770122D003545C9 /* flags.json */,
				DA28702C276CA01000A8B3E0 /* countries.json */,
				DA32911A277219CC003545C9 /* Localizable.strings */,
				DA0030D3276B7BAA001EDACB /* Assets.xcassets */,
				DA3291072771E70D003545C9 /* R.generated.swift */,
				DA0030D5276B7BAA001EDACB /* LaunchScreen.storyboard */,
				DA0030DE276B7CC6001EDACB /* GoogleService-Info.plist */,
				DA0030D8276B7BAA001EDACB /* Info.plist */,
			);
			path = Resources;
			sourceTree = "<group>";
		};
		DA287032276CAB7E00A8B3E0 /* Services */ = {
			isa = PBXGroup;
			children = (
				DA3290F827701254003545C9 /* WebService.swift */,
				DA0030E0276B903E001EDACB /* RemoteConfigService.swift */,
			);
			path = Services;
			sourceTree = "<group>";
		};
		DA287033276CAB8400A8B3E0 /* Utils */ = {
			isa = PBXGroup;
			children = (
				DA4F6272277C6DF7007EBDC0 /* CoreMLHelpers */,
				DA32910D277215FA003545C9 /* Extensions */,
				DA28703B276CF5B400A8B3E0 /* Endpoint.swift */,
				DA3290FA277012A6003545C9 /* RCError.swift */,
				DAC1543E277DBDD500D787DF /* FaceDetector.swift */,
				DA0292C3276FED3300580401 /* UIHelper.swift */,
			);
			path = Utils;
			sourceTree = "<group>";
		};
		DA287034276CAB8A00A8B3E0 /* Controllers */ = {
			isa = PBXGroup;
			children = (
				DA3291092771FBF8003545C9 /* LandingViewController.swift */,
				DA0030CE276B7BA9001EDACB /* MainViewController.swift */,
				DA287038276CAE4500A8B3E0 /* CountriesViewController.swift */,
			);
			path = Controllers;
			sourceTree = "<group>";
		};
		DA287035276CABD500A8B3E0 /* Models */ = {
			isa = PBXGroup;
			children = (
				DA4F6268277C67E7007EBDC0 /* DeepLabV3.mlmodel */,
				DA287036276CABE600A8B3E0 /* Country.swift */,
				DA3290FE27702D84003545C9 /* Flag.swift */,
			);
			path = Models;
			sourceTree = "<group>";
		};
		DA32910D277215FA003545C9 /* Extensions */ = {
			isa = PBXGroup;
			children = (
				DA28702E276CAB2400A8B3E0 /* Bundle+Extension.swift */,
				DA4F6295277C6E76007EBDC0 /* CIImage+Extension.swift */,
				DA4F6297277C6E91007EBDC0 /* UIImage+Extension.swift */,
				DA329100277052A2003545C9 /* UIView+Extension.swift */,
				DA32910B2772032B003545C9 /* UIViewController+Extension.swift */,
			);
			path = Extensions;
			sourceTree = "<group>";
		};
		DA4F6272277C6DF7007EBDC0 /* CoreMLHelpers */ = {
			isa = PBXGroup;
			children = (
				DA4F6278277C6E09007EBDC0 /* Array+Extensions.swift */,
				DA4F627F277C6E0A007EBDC0 /* CGImage+CVPixelBuffer.swift */,
				DA4F6276277C6E09007EBDC0 /* CGImage+RawBytes.swift */,
				DA4F627C277C6E0A007EBDC0 /* CGImagePropertyOrientation.swift */,
				DA4F6274277C6E09007EBDC0 /* CoreML+Combine.swift */,
				DA4F627D277C6E0A007EBDC0 /* CVPixelBuffer+Create.swift */,
				DA4F6280277C6E0A007EBDC0 /* CVPixelBuffer+Resize.swift */,
				DA4F627A277C6E0A007EBDC0 /* CVPixelBuffer+Rotate.swift */,
				DA4F6279277C6E09007EBDC0 /* Math.swift */,
				DA4F627E277C6E0A007EBDC0 /* MLModel+Images.swift */,
				DA4F6277277C6E09007EBDC0 /* MLMultiArray+Helpers.swift */,
				DA4F6275277C6E09007EBDC0 /* MLMultiArray+Image.swift */,
				DA4F627B277C6E0A007EBDC0 /* NonMaxSuppression.swift */,
				DA4F6273277C6E09007EBDC0 /* Predictions.swift */,
				DA4F6281277C6E0A007EBDC0 /* UIImage+CVPixelBuffer.swift */,
				DA4F6282277C6E0A007EBDC0 /* UIImage+Extensions.swift */,
				DA4F6283277C6E0A007EBDC0 /* UIImage+RawBytes.swift */,
			);
			path = CoreMLHelpers;
			sourceTree = "<group>";
		};
		DD0F53443263144543EE81D8 /* Pods */ = {
			isa = PBXGroup;
			children = (
				0A535B600A8D3EFF0C044638 /* Pods-RemoteConfig.debug.xcconfig */,
				A8E9230A60D435F59D751930 /* Pods-RemoteConfig.release.xcconfig */,
				E9A0A0907B1C624293FEB598 /* Pods-Onboard.debug.xcconfig */,
				3F4A27E44350DAFD3CF62FA9 /* Pods-Onboard.release.xcconfig */,
			);
			path = Pods;
			sourceTree = "<group>";
		};
		E756720C5996B631C6859070 /* Frameworks */ = {
			isa = PBXGroup;
			children = (
				C8C11161891027450CD6E4DC /* Pods_Onboard.framework */,
			);
			name = Frameworks;
			sourceTree = "<group>";
		};
/* End PBXGroup section */

/* Begin PBXNativeTarget section */
		DA0030C6276B7BA9001EDACB /* Onboard */ = {
			isa = PBXNativeTarget;
			buildConfigurationList = DA0030DB276B7BAA001EDACB /* Build configuration list for PBXNativeTarget "Onboard" */;
			buildPhases = (
				E48CC7938C261ED83A76BAB7 /* [CP] Check Pods Manifest.lock */,
				DA3291022770E0FF003545C9 /* R.swift */,
				DA3291042771D6EE003545C9 /* SwiftLint */,
				DA0030C3276B7BA9001EDACB /* Sources */,
				DA0030C4276B7BA9001EDACB /* Frameworks */,
				DA0030C5276B7BA9001EDACB /* Resources */,
				2527E2E1F09D1F3825249B4E /* [CP] Embed Pods Frameworks */,
				D14FEB0CE025982B91637DDD /* [CP] Copy Pods Resources */,
			);
			buildRules = (
			);
			dependencies = (
			);
			name = Onboard;
			productName = RemoteConfig;
			productReference = DA0030C7276B7BA9001EDACB /* Onboard.app */;
			productType = "com.apple.product-type.application";
		};
/* End PBXNativeTarget section */

/* Begin PBXProject section */
		DA0030BF276B7BA9001EDACB /* Project object */ = {
			isa = PBXProject;
			attributes = {
				BuildIndependentTargetsInParallel = 1;
				LastSwiftUpdateCheck = 1320;
				LastUpgradeCheck = 1320;
				TargetAttributes = {
					DA0030C6276B7BA9001EDACB = {
						CreatedOnToolsVersion = 13.2;
					};
				};
			};
			buildConfigurationList = DA0030C2276B7BA9001EDACB /* Build configuration list for PBXProject "Onboard" */;
			compatibilityVersion = "Xcode 13.0";
			developmentRegion = en;
			hasScannedForEncodings = 0;
			knownRegions = (
				en,
				Base,
				tr,
				"en-GB",
			);
			mainGroup = DA0030BE276B7BA9001EDACB;
			productRefGroup = DA0030C8276B7BA9001EDACB /* Products */;
			projectDirPath = "";
			projectRoot = "";
			targets = (
				DA0030C6276B7BA9001EDACB /* Onboard */,
			);
		};
/* End PBXProject section */

/* Begin PBXResourcesBuildPhase section */
		DA0030C5276B7BA9001EDACB /* Resources */ = {
			isa = PBXResourcesBuildPhase;
			buildActionMask = 2147483647;
			files = (
				DA0030D7276B7BAA001EDACB /* LaunchScreen.storyboard in Resources */,
				DA329118277219CC003545C9 /* Localizable.strings in Resources */,
				DA0030DF276B7CC6001EDACB /* GoogleService-Info.plist in Resources */,
				DA28702D276CA01000A8B3E0 /* countries.json in Resources */,
				DA0030D4276B7BAA001EDACB /* Assets.xcassets in Resources */,
				DA3290F72770122D003545C9 /* flags.json in Resources */,
			);
			runOnlyForDeploymentPostprocessing = 0;
		};
/* End PBXResourcesBuildPhase section */

/* Begin PBXShellScriptBuildPhase section */
		2527E2E1F09D1F3825249B4E /* [CP] Embed Pods Frameworks */ = {
			isa = PBXShellScriptBuildPhase;
			buildActionMask = 2147483647;
			files = (
			);
			inputFileListPaths = (
				"${PODS_ROOT}/Target Support Files/Pods-Onboard/Pods-Onboard-frameworks-${CONFIGURATION}-input-files.xcfilelist",
			);
			name = "[CP] Embed Pods Frameworks";
			outputFileListPaths = (
				"${PODS_ROOT}/Target Support Files/Pods-Onboard/Pods-Onboard-frameworks-${CONFIGURATION}-output-files.xcfilelist",
			);
			runOnlyForDeploymentPostprocessing = 0;
			shellPath = /bin/sh;
			shellScript = "\"${PODS_ROOT}/Target Support Files/Pods-Onboard/Pods-Onboard-frameworks.sh\"\n";
			showEnvVarsInLog = 0;
		};
		D14FEB0CE025982B91637DDD /* [CP] Copy Pods Resources */ = {
			isa = PBXShellScriptBuildPhase;
			buildActionMask = 2147483647;
			files = (
			);
			inputFileListPaths = (
				"${PODS_ROOT}/Target Support Files/Pods-Onboard/Pods-Onboard-resources-${CONFIGURATION}-input-files.xcfilelist",
			);
			name = "[CP] Copy Pods Resources";
			outputFileListPaths = (
				"${PODS_ROOT}/Target Support Files/Pods-Onboard/Pods-Onboard-resources-${CONFIGURATION}-output-files.xcfilelist",
			);
			runOnlyForDeploymentPostprocessing = 0;
			shellPath = /bin/sh;
			shellScript = "\"${PODS_ROOT}/Target Support Files/Pods-Onboard/Pods-Onboard-resources.sh\"\n";
			showEnvVarsInLog = 0;
		};
		DA3291022770E0FF003545C9 /* R.swift */ = {
			isa = PBXShellScriptBuildPhase;
			alwaysOutOfDate = 1;
			buildActionMask = 2147483647;
			files = (
			);
			inputFileListPaths = (
			);
			inputPaths = (
			);
			name = R.swift;
			outputFileListPaths = (
			);
			outputPaths = (
				$SRCROOT/R.generated.swift,
			);
			runOnlyForDeploymentPostprocessing = 0;
			shellPath = /bin/sh;
			shellScript = "\"$PODS_ROOT/R.swift/rswift\" generate \"$SRCROOT/R.generated.swift\"\n";
		};
		DA3291042771D6EE003545C9 /* SwiftLint */ = {
			isa = PBXShellScriptBuildPhase;
			buildActionMask = 2147483647;
			files = (
			);
			inputFileListPaths = (
			);
			inputPaths = (
			);
			name = SwiftLint;
			outputFileListPaths = (
			);
			outputPaths = (
			);
			runOnlyForDeploymentPostprocessing = 0;
			shellPath = /bin/sh;
			shellScript = "${PODS_ROOT}/SwiftLint/swiftlint\n";
		};
		E48CC7938C261ED83A76BAB7 /* [CP] Check Pods Manifest.lock */ = {
			isa = PBXShellScriptBuildPhase;
			buildActionMask = 2147483647;
			files = (
			);
			inputFileListPaths = (
			);
			inputPaths = (
				"${PODS_PODFILE_DIR_PATH}/Podfile.lock",
				"${PODS_ROOT}/Manifest.lock",
			);
			name = "[CP] Check Pods Manifest.lock";
			outputFileListPaths = (
			);
			outputPaths = (
				"$(DERIVED_FILE_DIR)/Pods-Onboard-checkManifestLockResult.txt",
			);
			runOnlyForDeploymentPostprocessing = 0;
			shellPath = /bin/sh;
			shellScript = "diff \"${PODS_PODFILE_DIR_PATH}/Podfile.lock\" \"${PODS_ROOT}/Manifest.lock\" > /dev/null\nif [ $? != 0 ] ; then\n    # print error to STDERR\n    echo \"error: The sandbox is not in sync with the Podfile.lock. Run 'pod install' or update your CocoaPods installation.\" >&2\n    exit 1\nfi\n# This output is used by Xcode 'outputs' to avoid re-running this script phase.\necho \"SUCCESS\" > \"${SCRIPT_OUTPUT_FILE_0}\"\n";
			showEnvVarsInLog = 0;
		};
/* End PBXShellScriptBuildPhase section */

/* Begin PBXSourcesBuildPhase section */
		DA0030C3276B7BA9001EDACB /* Sources */ = {
			isa = PBXSourcesBuildPhase;
			buildActionMask = 2147483647;
			files = (
				DA4F6294277C6E0A007EBDC0 /* UIImage+RawBytes.swift in Sources */,
				DA4F6290277C6E0A007EBDC0 /* CGImage+CVPixelBuffer.swift in Sources */,
				DA0292C4276FED3300580401 /* UIHelper.swift in Sources */,
				DA4F6285277C6E0A007EBDC0 /* CoreML+Combine.swift in Sources */,
				DA0292C7276FF31C00580401 /* RCCountryCell.swift in Sources */,
				DA4F6289277C6E0A007EBDC0 /* Array+Extensions.swift in Sources */,
				DA329101277052A2003545C9 /* UIView+Extension.swift in Sources */,
				DA0030CF276B7BA9001EDACB /* MainViewController.swift in Sources */,
				DA28702F276CAB2400A8B3E0 /* Bundle+Extension.swift in Sources */,
				DA4F6269277C67E7007EBDC0 /* DeepLabV3.mlmodel in Sources */,
				DA4F628B277C6E0A007EBDC0 /* CVPixelBuffer+Rotate.swift in Sources */,
				DA3290FB277012A6003545C9 /* RCError.swift in Sources */,
				DA4F6291277C6E0A007EBDC0 /* CVPixelBuffer+Resize.swift in Sources */,
				DA28703C276CF5B400A8B3E0 /* Endpoint.swift in Sources */,
				DA32910C2772032B003545C9 /* UIViewController+Extension.swift in Sources */,
				DA287039276CAE4500A8B3E0 /* CountriesViewController.swift in Sources */,
				DA3290FF27702D84003545C9 /* Flag.swift in Sources */,
				DA4F6296277C6E76007EBDC0 /* CIImage+Extension.swift in Sources */,
				DA03B920277B39AC003537EF /* LandingViewModel.swift in Sources */,
				DA4F628A277C6E0A007EBDC0 /* Math.swift in Sources */,
				DA3290FD2770225F003545C9 /* RCImageView.swift in Sources */,
				DA3291082771E70D003545C9 /* R.generated.swift in Sources */,
				DAC1543F277DBDD500D787DF /* FaceDetector.swift in Sources */,
				DA4F628D277C6E0A007EBDC0 /* CGImagePropertyOrientation.swift in Sources */,
				DA32910A2771FBF8003545C9 /* LandingViewController.swift in Sources */,
				DA4F6292277C6E0A007EBDC0 /* UIImage+CVPixelBuffer.swift in Sources */,
				DA4F6287277C6E0A007EBDC0 /* CGImage+RawBytes.swift in Sources */,
				DA4F628E277C6E0A007EBDC0 /* CVPixelBuffer+Create.swift in Sources */,
				DA3290F927701254003545C9 /* WebService.swift in Sources */,
				DA3290F327701069003545C9 /* RCLabel.swift in Sources */,
				DA4F6298277C6E91007EBDC0 /* UIImage+Extension.swift in Sources */,
				DA0030CB276B7BA9001EDACB /* AppDelegate.swift in Sources */,
				DA4F6284277C6E0A007EBDC0 /* Predictions.swift in Sources */,
				DA4F628C277C6E0A007EBDC0 /* NonMaxSuppression.swift in Sources */,
				DA4F6286277C6E0A007EBDC0 /* MLMultiArray+Image.swift in Sources */,
				DA287037276CABE600A8B3E0 /* Country.swift in Sources */,
				DA4F6267277C60A2007EBDC0 /* LandingViewModelWithCoreML.swift in Sources */,
				DA4F628F277C6E0A007EBDC0 /* MLModel+Images.swift in Sources */,
				DA0030CD276B7BA9001EDACB /* SceneDelegate.swift in Sources */,
				DA4F6293277C6E0A007EBDC0 /* UIImage+Extensions.swift in Sources */,
				DA4F6288277C6E0A007EBDC0 /* MLMultiArray+Helpers.swift in Sources */,
				DA0030E1276B903E001EDACB /* RemoteConfigService.swift in Sources */,
			);
			runOnlyForDeploymentPostprocessing = 0;
		};
/* End PBXSourcesBuildPhase section */

/* Begin PBXVariantGroup section */
		DA0030D5276B7BAA001EDACB /* LaunchScreen.storyboard */ = {
			isa = PBXVariantGroup;
			children = (
				DA0030D6276B7BAA001EDACB /* Base */,
				DA32911427721916003545C9 /* tr */,
				DA3291152772194E003545C9 /* en-GB */,
			);
			name = LaunchScreen.storyboard;
			sourceTree = "<group>";
		};
		DA32911A277219CC003545C9 /* Localizable.strings */ = {
			isa = PBXVariantGroup;
			children = (
				DA329119277219CC003545C9 /* en */,
			);
			name = Localizable.strings;
			sourceTree = "<group>";
		};
/* End PBXVariantGroup section */

/* Begin XCBuildConfiguration section */
		DA0030D9276B7BAA001EDACB /* Debug */ = {
			isa = XCBuildConfiguration;
			buildSettings = {
				ALWAYS_SEARCH_USER_PATHS = NO;
				CLANG_ANALYZER_LOCALIZABILITY_NONLOCALIZED = YES;
				CLANG_ANALYZER_NONNULL = YES;
				CLANG_ANALYZER_NUMBER_OBJECT_CONVERSION = YES_AGGRESSIVE;
				CLANG_CXX_LANGUAGE_STANDARD = "gnu++17";
				CLANG_CXX_LIBRARY = "libc++";
				CLANG_ENABLE_MODULES = YES;
				CLANG_ENABLE_OBJC_ARC = YES;
				CLANG_ENABLE_OBJC_WEAK = YES;
				CLANG_WARN_BLOCK_CAPTURE_AUTORELEASING = YES;
				CLANG_WARN_BOOL_CONVERSION = YES;
				CLANG_WARN_COMMA = YES;
				CLANG_WARN_CONSTANT_CONVERSION = YES;
				CLANG_WARN_DEPRECATED_OBJC_IMPLEMENTATIONS = YES;
				CLANG_WARN_DIRECT_OBJC_ISA_USAGE = YES_ERROR;
				CLANG_WARN_DOCUMENTATION_COMMENTS = YES;
				CLANG_WARN_EMPTY_BODY = YES;
				CLANG_WARN_ENUM_CONVERSION = YES;
				CLANG_WARN_INFINITE_RECURSION = YES;
				CLANG_WARN_INT_CONVERSION = YES;
				CLANG_WARN_NON_LITERAL_NULL_CONVERSION = YES;
				CLANG_WARN_OBJC_IMPLICIT_RETAIN_SELF = YES;
				CLANG_WARN_OBJC_LITERAL_CONVERSION = YES;
				CLANG_WARN_OBJC_ROOT_CLASS = YES_ERROR;
				CLANG_WARN_QUOTED_INCLUDE_IN_FRAMEWORK_HEADER = YES;
				CLANG_WARN_RANGE_LOOP_ANALYSIS = YES;
				CLANG_WARN_STRICT_PROTOTYPES = YES;
				CLANG_WARN_SUSPICIOUS_MOVE = YES;
				CLANG_WARN_UNGUARDED_AVAILABILITY = YES_AGGRESSIVE;
				CLANG_WARN_UNREACHABLE_CODE = YES;
				CLANG_WARN__DUPLICATE_METHOD_MATCH = YES;
				COPY_PHASE_STRIP = NO;
				DEBUG_INFORMATION_FORMAT = dwarf;
				ENABLE_STRICT_OBJC_MSGSEND = YES;
				ENABLE_TESTABILITY = YES;
				GCC_C_LANGUAGE_STANDARD = gnu11;
				GCC_DYNAMIC_NO_PIC = NO;
				GCC_NO_COMMON_BLOCKS = YES;
				GCC_OPTIMIZATION_LEVEL = 0;
				GCC_PREPROCESSOR_DEFINITIONS = (
					"DEBUG=1",
					"$(inherited)",
				);
				GCC_WARN_64_TO_32_BIT_CONVERSION = YES;
				GCC_WARN_ABOUT_RETURN_TYPE = YES_ERROR;
				GCC_WARN_UNDECLARED_SELECTOR = YES;
				GCC_WARN_UNINITIALIZED_AUTOS = YES_AGGRESSIVE;
				GCC_WARN_UNUSED_FUNCTION = YES;
				GCC_WARN_UNUSED_VARIABLE = YES;
				IPHONEOS_DEPLOYMENT_TARGET = 15.2;
				MTL_ENABLE_DEBUG_INFO = INCLUDE_SOURCE;
				MTL_FAST_MATH = YES;
				ONLY_ACTIVE_ARCH = YES;
				SDKROOT = iphoneos;
				SWIFT_ACTIVE_COMPILATION_CONDITIONS = DEBUG;
				SWIFT_OPTIMIZATION_LEVEL = "-Onone";
			};
			name = Debug;
		};
		DA0030DA276B7BAA001EDACB /* Release */ = {
			isa = XCBuildConfiguration;
			buildSettings = {
				ALWAYS_SEARCH_USER_PATHS = NO;
				CLANG_ANALYZER_LOCALIZABILITY_NONLOCALIZED = YES;
				CLANG_ANALYZER_NONNULL = YES;
				CLANG_ANALYZER_NUMBER_OBJECT_CONVERSION = YES_AGGRESSIVE;
				CLANG_CXX_LANGUAGE_STANDARD = "gnu++17";
				CLANG_CXX_LIBRARY = "libc++";
				CLANG_ENABLE_MODULES = YES;
				CLANG_ENABLE_OBJC_ARC = YES;
				CLANG_ENABLE_OBJC_WEAK = YES;
				CLANG_WARN_BLOCK_CAPTURE_AUTORELEASING = YES;
				CLANG_WARN_BOOL_CONVERSION = YES;
				CLANG_WARN_COMMA = YES;
				CLANG_WARN_CONSTANT_CONVERSION = YES;
				CLANG_WARN_DEPRECATED_OBJC_IMPLEMENTATIONS = YES;
				CLANG_WARN_DIRECT_OBJC_ISA_USAGE = YES_ERROR;
				CLANG_WARN_DOCUMENTATION_COMMENTS = YES;
				CLANG_WARN_EMPTY_BODY = YES;
				CLANG_WARN_ENUM_CONVERSION = YES;
				CLANG_WARN_INFINITE_RECURSION = YES;
				CLANG_WARN_INT_CONVERSION = YES;
				CLANG_WARN_NON_LITERAL_NULL_CONVERSION = YES;
				CLANG_WARN_OBJC_IMPLICIT_RETAIN_SELF = YES;
				CLANG_WARN_OBJC_LITERAL_CONVERSION = YES;
				CLANG_WARN_OBJC_ROOT_CLASS = YES_ERROR;
				CLANG_WARN_QUOTED_INCLUDE_IN_FRAMEWORK_HEADER = YES;
				CLANG_WARN_RANGE_LOOP_ANALYSIS = YES;
				CLANG_WARN_STRICT_PROTOTYPES = YES;
				CLANG_WARN_SUSPICIOUS_MOVE = YES;
				CLANG_WARN_UNGUARDED_AVAILABILITY = YES_AGGRESSIVE;
				CLANG_WARN_UNREACHABLE_CODE = YES;
				CLANG_WARN__DUPLICATE_METHOD_MATCH = YES;
				COPY_PHASE_STRIP = NO;
				DEBUG_INFORMATION_FORMAT = "dwarf-with-dsym";
				ENABLE_NS_ASSERTIONS = NO;
				ENABLE_STRICT_OBJC_MSGSEND = YES;
				GCC_C_LANGUAGE_STANDARD = gnu11;
				GCC_NO_COMMON_BLOCKS = YES;
				GCC_WARN_64_TO_32_BIT_CONVERSION = YES;
				GCC_WARN_ABOUT_RETURN_TYPE = YES_ERROR;
				GCC_WARN_UNDECLARED_SELECTOR = YES;
				GCC_WARN_UNINITIALIZED_AUTOS = YES_AGGRESSIVE;
				GCC_WARN_UNUSED_FUNCTION = YES;
				GCC_WARN_UNUSED_VARIABLE = YES;
				IPHONEOS_DEPLOYMENT_TARGET = 15.2;
				MTL_ENABLE_DEBUG_INFO = NO;
				MTL_FAST_MATH = YES;
				SDKROOT = iphoneos;
				SWIFT_COMPILATION_MODE = wholemodule;
				SWIFT_OPTIMIZATION_LEVEL = "-O";
				VALIDATE_PRODUCT = YES;
			};
			name = Release;
		};
		DA0030DC276B7BAA001EDACB /* Debug */ = {
			isa = XCBuildConfiguration;
			baseConfigurationReference = E9A0A0907B1C624293FEB598 /* Pods-Onboard.debug.xcconfig */;
			buildSettings = {
				ARCHS = "$(ARCHS_STANDARD)";
				ASSETCATALOG_COMPILER_APPICON_NAME = AppIcon;
				ASSETCATALOG_COMPILER_GLOBAL_ACCENT_COLOR_NAME = AccentColor;
				CODE_SIGN_ENTITLEMENTS = RemoteConfig/RemoteConfig.entitlements;
				CODE_SIGN_STYLE = Automatic;
				CURRENT_PROJECT_VERSION = 1;
				DEVELOPMENT_TEAM = GD7GT762TS;
				GENERATE_INFOPLIST_FILE = YES;
				INFOPLIST_FILE = RemoteConfig/Resources/Info.plist;
				INFOPLIST_KEY_NSCameraUsageDescription = "Please confirm to use your camera for using a captured photo.";
				INFOPLIST_KEY_NSPhotoLibraryAddUsageDescription = "Please confirm to use your photo library.";
				INFOPLIST_KEY_NSPhotoLibraryUsageDescription = "Please confirm to use your photo library.";
				INFOPLIST_KEY_UIApplicationSupportsIndirectInputEvents = YES;
				INFOPLIST_KEY_UILaunchStoryboardName = LaunchScreen;
				INFOPLIST_KEY_UISupportedInterfaceOrientations_iPad = "UIInterfaceOrientationPortrait UIInterfaceOrientationPortraitUpsideDown UIInterfaceOrientationLandscapeLeft UIInterfaceOrientationLandscapeRight";
				INFOPLIST_KEY_UISupportedInterfaceOrientations_iPhone = "UIInterfaceOrientationPortrait UIInterfaceOrientationLandscapeLeft UIInterfaceOrientationLandscapeRight";
				LD_RUNPATH_SEARCH_PATHS = (
					"$(inherited)",
					"@executable_path/Frameworks",
				);
				MARKETING_VERSION = 1.0;
				PRODUCT_BUNDLE_IDENTIFIER = normprojects.RemoteConfig;
				PRODUCT_NAME = "$(TARGET_NAME)";
				SWIFT_EMIT_LOC_STRINGS = YES;
				SWIFT_VERSION = 5.0;
				TARGETED_DEVICE_FAMILY = "1,2";
			};
			name = Debug;
		};
		DA0030DD276B7BAA001EDACB /* Release */ = {
			isa = XCBuildConfiguration;
			baseConfigurationReference = 3F4A27E44350DAFD3CF62FA9 /* Pods-Onboard.release.xcconfig */;
			buildSettings = {
				ARCHS = "$(ARCHS_STANDARD)";
				ASSETCATALOG_COMPILER_APPICON_NAME = AppIcon;
				ASSETCATALOG_COMPILER_GLOBAL_ACCENT_COLOR_NAME = AccentColor;
				CODE_SIGN_ENTITLEMENTS = RemoteConfig/RemoteConfig.entitlements;
				CODE_SIGN_STYLE = Automatic;
				CURRENT_PROJECT_VERSION = 1;
				DEVELOPMENT_TEAM = GD7GT762TS;
				GENERATE_INFOPLIST_FILE = YES;
				INFOPLIST_FILE = RemoteConfig/Resources/Info.plist;
				INFOPLIST_KEY_NSCameraUsageDescription = "Please confirm to use your camera for using a captured photo.";
				INFOPLIST_KEY_NSPhotoLibraryAddUsageDescription = "Please confirm to use your photo library.";
				INFOPLIST_KEY_NSPhotoLibraryUsageDescription = "Please confirm to use your photo library.";
				INFOPLIST_KEY_UIApplicationSupportsIndirectInputEvents = YES;
				INFOPLIST_KEY_UILaunchStoryboardName = LaunchScreen;
				INFOPLIST_KEY_UISupportedInterfaceOrientations_iPad = "UIInterfaceOrientationPortrait UIInterfaceOrientationPortraitUpsideDown UIInterfaceOrientationLandscapeLeft UIInterfaceOrientationLandscapeRight";
				INFOPLIST_KEY_UISupportedInterfaceOrientations_iPhone = "UIInterfaceOrientationPortrait UIInterfaceOrientationLandscapeLeft UIInterfaceOrientationLandscapeRight";
				LD_RUNPATH_SEARCH_PATHS = (
					"$(inherited)",
					"@executable_path/Frameworks",
				);
				MARKETING_VERSION = 1.0;
				ONLY_ACTIVE_ARCH = YES;
				PRODUCT_BUNDLE_IDENTIFIER = normprojects.RemoteConfig;
				PRODUCT_NAME = "$(TARGET_NAME)";
				SWIFT_EMIT_LOC_STRINGS = YES;
				SWIFT_VERSION = 5.0;
				TARGETED_DEVICE_FAMILY = "1,2";
			};
			name = Release;
		};
/* End XCBuildConfiguration section */

/* Begin XCConfigurationList section */
		DA0030C2276B7BA9001EDACB /* Build configuration list for PBXProject "Onboard" */ = {
			isa = XCConfigurationList;
			buildConfigurations = (
				DA0030D9276B7BAA001EDACB /* Debug */,
				DA0030DA276B7BAA001EDACB /* Release */,
			);
			defaultConfigurationIsVisible = 0;
			defaultConfigurationName = Release;
		};
		DA0030DB276B7BAA001EDACB /* Build configuration list for PBXNativeTarget "Onboard" */ = {
			isa = XCConfigurationList;
			buildConfigurations = (
				DA0030DC276B7BAA001EDACB /* Debug */,
				DA0030DD276B7BAA001EDACB /* Release */,
			);
			defaultConfigurationIsVisible = 0;
			defaultConfigurationName = Release;
		};
/* End XCConfigurationList section */
	};
	rootObject = DA0030BF276B7BA9001EDACB /* Project object */;
}
